# This file is automatically @generated by Poetry 1.4.0 and should not be changed by hand.

[[package]]
name = "cerberus"
version = "1.3.4"
description = "Lightweight, extensible schema and data validation tool for Python dictionaries."
category = "main"
optional = false
python-versions = ">=2.7"
files = [
    {file = "Cerberus-1.3.4.tar.gz", hash = "sha256:d1b21b3954b2498d9a79edf16b3170a3ac1021df88d197dc2ce5928ba519237c"},
]

[package.dependencies]
setuptools = "*"

[[package]]
name = "colorama"
version = "0.4.6"
description = "Cross-platform colored terminal text."
category = "dev"
optional = false
python-versions = "!=3.0.*,!=3.1.*,!=3.2.*,!=3.3.*,!=3.4.*,!=3.5.*,!=3.6.*,>=2.7"
files = [
    {file = "colorama-0.4.6-py2.py3-none-any.whl", hash = "sha256:4f1d9991f5acc0ca119f9d443620b77f9d6b33703e51011c16baf57afb285fc6"},
    {file = "colorama-0.4.6.tar.gz", hash = "sha256:08695f5cb7ed6e0531a20572697297273c47b8cae5a63ffc6d6ed5c201be6e44"},
]

[[package]]
name = "exceptiongroup"
version = "1.1.1"
description = "Backport of PEP 654 (exception groups)"
category = "dev"
optional = false
python-versions = ">=3.7"
files = [
    {file = "exceptiongroup-1.1.1-py3-none-any.whl", hash = "sha256:232c37c63e4f682982c8b6459f33a8981039e5fb8756b2074364e5055c498c9e"},
    {file = "exceptiongroup-1.1.1.tar.gz", hash = "sha256:d484c3090ba2889ae2928419117447a14daf3c1231d5e30d0aae34f354f01785"},
]

[package.extras]
test = ["pytest (>=6)"]

[[package]]
name = "greenlet"
version = "2.0.2"
description = "Lightweight in-process concurrent programming"
category = "main"
optional = false
python-versions = ">=2.7,!=3.0.*,!=3.1.*,!=3.2.*,!=3.3.*,!=3.4.*"
files = [
    {file = "greenlet-2.0.2-cp27-cp27m-macosx_10_14_x86_64.whl", hash = "sha256:bdfea8c661e80d3c1c99ad7c3ff74e6e87184895bbaca6ee8cc61209f8b9b85d"},
    {file = "greenlet-2.0.2-cp27-cp27m-manylinux2010_x86_64.whl", hash = "sha256:9d14b83fab60d5e8abe587d51c75b252bcc21683f24699ada8fb275d7712f5a9"},
    {file = "greenlet-2.0.2-cp27-cp27m-win32.whl", hash = "sha256:6c3acb79b0bfd4fe733dff8bc62695283b57949ebcca05ae5c129eb606ff2d74"},
    {file = "greenlet-2.0.2-cp27-cp27m-win_amd64.whl", hash = "sha256:283737e0da3f08bd637b5ad058507e578dd462db259f7f6e4c5c365ba4ee9343"},
    {file = "greenlet-2.0.2-cp27-cp27mu-manylinux2010_x86_64.whl", hash = "sha256:d27ec7509b9c18b6d73f2f5ede2622441de812e7b1a80bbd446cb0633bd3d5ae"},
    {file = "greenlet-2.0.2-cp310-cp310-macosx_11_0_x86_64.whl", hash = "sha256:30bcf80dda7f15ac77ba5af2b961bdd9dbc77fd4ac6105cee85b0d0a5fcf74df"},
    {file = "greenlet-2.0.2-cp310-cp310-manylinux_2_17_aarch64.manylinux2014_aarch64.whl", hash = "sha256:26fbfce90728d82bc9e6c38ea4d038cba20b7faf8a0ca53a9c07b67318d46088"},
    {file = "greenlet-2.0.2-cp310-cp310-manylinux_2_17_ppc64le.manylinux2014_ppc64le.whl", hash = "sha256:9190f09060ea4debddd24665d6804b995a9c122ef5917ab26e1566dcc712ceeb"},
    {file = "greenlet-2.0.2-cp310-cp310-manylinux_2_17_x86_64.manylinux2014_x86_64.whl", hash = "sha256:d75209eed723105f9596807495d58d10b3470fa6732dd6756595e89925ce2470"},
    {file = "greenlet-2.0.2-cp310-cp310-musllinux_1_1_aarch64.whl", hash = "sha256:3a51c9751078733d88e013587b108f1b7a1fb106d402fb390740f002b6f6551a"},
    {file = "greenlet-2.0.2-cp310-cp310-musllinux_1_1_x86_64.whl", hash = "sha256:76ae285c8104046b3a7f06b42f29c7b73f77683df18c49ab5af7983994c2dd91"},
    {file = "greenlet-2.0.2-cp310-cp310-win_amd64.whl", hash = "sha256:2d4686f195e32d36b4d7cf2d166857dbd0ee9f3d20ae349b6bf8afc8485b3645"},
    {file = "greenlet-2.0.2-cp311-cp311-macosx_10_9_universal2.whl", hash = "sha256:c4302695ad8027363e96311df24ee28978162cdcdd2006476c43970b384a244c"},
    {file = "greenlet-2.0.2-cp311-cp311-manylinux_2_17_aarch64.manylinux2014_aarch64.whl", hash = "sha256:c48f54ef8e05f04d6eff74b8233f6063cb1ed960243eacc474ee73a2ea8573ca"},
    {file = "greenlet-2.0.2-cp311-cp311-manylinux_2_17_ppc64le.manylinux2014_ppc64le.whl", hash = "sha256:a1846f1b999e78e13837c93c778dcfc3365902cfb8d1bdb7dd73ead37059f0d0"},
    {file = "greenlet-2.0.2-cp311-cp311-manylinux_2_17_x86_64.manylinux2014_x86_64.whl", hash = "sha256:3a06ad5312349fec0ab944664b01d26f8d1f05009566339ac6f63f56589bc1a2"},
    {file = "greenlet-2.0.2-cp311-cp311-musllinux_1_1_aarch64.whl", hash = "sha256:eff4eb9b7eb3e4d0cae3d28c283dc16d9bed6b193c2e1ace3ed86ce48ea8df19"},
    {file = "greenlet-2.0.2-cp311-cp311-musllinux_1_1_x86_64.whl", hash = "sha256:5454276c07d27a740c5892f4907c86327b632127dd9abec42ee62e12427ff7e3"},
    {file = "greenlet-2.0.2-cp311-cp311-win_amd64.whl", hash = "sha256:7cafd1208fdbe93b67c7086876f061f660cfddc44f404279c1585bbf3cdc64c5"},
    {file = "greenlet-2.0.2-cp35-cp35m-macosx_10_14_x86_64.whl", hash = "sha256:910841381caba4f744a44bf81bfd573c94e10b3045ee00de0cbf436fe50673a6"},
    {file = "greenlet-2.0.2-cp35-cp35m-manylinux2010_x86_64.whl", hash = "sha256:18a7f18b82b52ee85322d7a7874e676f34ab319b9f8cce5de06067384aa8ff43"},
    {file = "greenlet-2.0.2-cp35-cp35m-win32.whl", hash = "sha256:03a8f4f3430c3b3ff8d10a2a86028c660355ab637cee9333d63d66b56f09d52a"},
    {file = "greenlet-2.0.2-cp35-cp35m-win_amd64.whl", hash = "sha256:4b58adb399c4d61d912c4c331984d60eb66565175cdf4a34792cd9600f21b394"},
    {file = "greenlet-2.0.2-cp36-cp36m-macosx_10_14_x86_64.whl", hash = "sha256:703f18f3fda276b9a916f0934d2fb6d989bf0b4fb5a64825260eb9bfd52d78f0"},
    {file = "greenlet-2.0.2-cp36-cp36m-manylinux2010_x86_64.whl", hash = "sha256:32e5b64b148966d9cccc2c8d35a671409e45f195864560829f395a54226408d3"},
    {file = "greenlet-2.0.2-cp36-cp36m-manylinux_2_17_aarch64.manylinux2014_aarch64.whl", hash = "sha256:2dd11f291565a81d71dab10b7033395b7a3a5456e637cf997a6f33ebdf06f8db"},
    {file = "greenlet-2.0.2-cp36-cp36m-manylinux_2_17_ppc64le.manylinux2014_ppc64le.whl", hash = "sha256:e0f72c9ddb8cd28532185f54cc1453f2c16fb417a08b53a855c4e6a418edd099"},
    {file = "greenlet-2.0.2-cp36-cp36m-manylinux_2_17_x86_64.manylinux2014_x86_64.whl", hash = "sha256:cd021c754b162c0fb55ad5d6b9d960db667faad0fa2ff25bb6e1301b0b6e6a75"},
    {file = "greenlet-2.0.2-cp36-cp36m-musllinux_1_1_aarch64.whl", hash = "sha256:3c9b12575734155d0c09d6c3e10dbd81665d5c18e1a7c6597df72fd05990c8cf"},
    {file = "greenlet-2.0.2-cp36-cp36m-musllinux_1_1_x86_64.whl", hash = "sha256:b9ec052b06a0524f0e35bd8790686a1da006bd911dd1ef7d50b77bfbad74e292"},
    {file = "greenlet-2.0.2-cp36-cp36m-win32.whl", hash = "sha256:dbfcfc0218093a19c252ca8eb9aee3d29cfdcb586df21049b9d777fd32c14fd9"},
    {file = "greenlet-2.0.2-cp36-cp36m-win_amd64.whl", hash = "sha256:9f35ec95538f50292f6d8f2c9c9f8a3c6540bbfec21c9e5b4b751e0a7c20864f"},
    {file = "greenlet-2.0.2-cp37-cp37m-macosx_10_15_x86_64.whl", hash = "sha256:d5508f0b173e6aa47273bdc0a0b5ba055b59662ba7c7ee5119528f466585526b"},
    {file = "greenlet-2.0.2-cp37-cp37m-manylinux2010_x86_64.whl", hash = "sha256:f82d4d717d8ef19188687aa32b8363e96062911e63ba22a0cff7802a8e58e5f1"},
    {file = "greenlet-2.0.2-cp37-cp37m-manylinux_2_17_aarch64.manylinux2014_aarch64.whl", hash = "sha256:c9c59a2120b55788e800d82dfa99b9e156ff8f2227f07c5e3012a45a399620b7"},
    {file = "greenlet-2.0.2-cp37-cp37m-manylinux_2_17_ppc64le.manylinux2014_ppc64le.whl", hash = "sha256:2780572ec463d44c1d3ae850239508dbeb9fed38e294c68d19a24d925d9223ca"},
    {file = "greenlet-2.0.2-cp37-cp37m-manylinux_2_17_x86_64.manylinux2014_x86_64.whl", hash = "sha256:937e9020b514ceedb9c830c55d5c9872abc90f4b5862f89c0887033ae33c6f73"},
    {file = "greenlet-2.0.2-cp37-cp37m-musllinux_1_1_aarch64.whl", hash = "sha256:36abbf031e1c0f79dd5d596bfaf8e921c41df2bdf54ee1eed921ce1f52999a86"},
    {file = "greenlet-2.0.2-cp37-cp37m-musllinux_1_1_x86_64.whl", hash = "sha256:18e98fb3de7dba1c0a852731c3070cf022d14f0d68b4c87a19cc1016f3bb8b33"},
    {file = "greenlet-2.0.2-cp37-cp37m-win32.whl", hash = "sha256:3f6ea9bd35eb450837a3d80e77b517ea5bc56b4647f5502cd28de13675ee12f7"},
    {file = "greenlet-2.0.2-cp37-cp37m-win_amd64.whl", hash = "sha256:7492e2b7bd7c9b9916388d9df23fa49d9b88ac0640db0a5b4ecc2b653bf451e3"},
    {file = "greenlet-2.0.2-cp38-cp38-macosx_10_15_x86_64.whl", hash = "sha256:b864ba53912b6c3ab6bcb2beb19f19edd01a6bfcbdfe1f37ddd1778abfe75a30"},
    {file = "greenlet-2.0.2-cp38-cp38-manylinux2010_x86_64.whl", hash = "sha256:ba2956617f1c42598a308a84c6cf021a90ff3862eddafd20c3333d50f0edb45b"},
    {file = "greenlet-2.0.2-cp38-cp38-manylinux_2_17_aarch64.manylinux2014_aarch64.whl", hash = "sha256:fc3a569657468b6f3fb60587e48356fe512c1754ca05a564f11366ac9e306526"},
    {file = "greenlet-2.0.2-cp38-cp38-manylinux_2_17_ppc64le.manylinux2014_ppc64le.whl", hash = "sha256:8eab883b3b2a38cc1e050819ef06a7e6344d4a990d24d45bc6f2cf959045a45b"},
    {file = "greenlet-2.0.2-cp38-cp38-manylinux_2_17_x86_64.manylinux2014_x86_64.whl", hash = "sha256:acd2162a36d3de67ee896c43effcd5ee3de247eb00354db411feb025aa319857"},
    {file = "greenlet-2.0.2-cp38-cp38-musllinux_1_1_aarch64.whl", hash = "sha256:0bf60faf0bc2468089bdc5edd10555bab6e85152191df713e2ab1fcc86382b5a"},
    {file = "greenlet-2.0.2-cp38-cp38-musllinux_1_1_x86_64.whl", hash = "sha256:b0ef99cdbe2b682b9ccbb964743a6aca37905fda5e0452e5ee239b1654d37f2a"},
    {file = "greenlet-2.0.2-cp38-cp38-win32.whl", hash = "sha256:b80f600eddddce72320dbbc8e3784d16bd3fb7b517e82476d8da921f27d4b249"},
    {file = "greenlet-2.0.2-cp38-cp38-win_amd64.whl", hash = "sha256:4d2e11331fc0c02b6e84b0d28ece3a36e0548ee1a1ce9ddde03752d9b79bba40"},
    {file = "greenlet-2.0.2-cp39-cp39-macosx_11_0_x86_64.whl", hash = "sha256:88d9ab96491d38a5ab7c56dd7a3cc37d83336ecc564e4e8816dbed12e5aaefc8"},
    {file = "greenlet-2.0.2-cp39-cp39-manylinux2010_x86_64.whl", hash = "sha256:561091a7be172ab497a3527602d467e2b3fbe75f9e783d8b8ce403fa414f71a6"},
    {file = "greenlet-2.0.2-cp39-cp39-manylinux_2_17_aarch64.manylinux2014_aarch64.whl", hash = "sha256:971ce5e14dc5e73715755d0ca2975ac88cfdaefcaab078a284fea6cfabf866df"},
    {file = "greenlet-2.0.2-cp39-cp39-manylinux_2_17_ppc64le.manylinux2014_ppc64le.whl", hash = "sha256:be4ed120b52ae4d974aa40215fcdfde9194d63541c7ded40ee12eb4dda57b76b"},
    {file = "greenlet-2.0.2-cp39-cp39-manylinux_2_17_x86_64.manylinux2014_x86_64.whl", hash = "sha256:94c817e84245513926588caf1152e3b559ff794d505555211ca041f032abbb6b"},
    {file = "greenlet-2.0.2-cp39-cp39-musllinux_1_1_aarch64.whl", hash = "sha256:1a819eef4b0e0b96bb0d98d797bef17dc1b4a10e8d7446be32d1da33e095dbb8"},
    {file = "greenlet-2.0.2-cp39-cp39-musllinux_1_1_x86_64.whl", hash = "sha256:7efde645ca1cc441d6dc4b48c0f7101e8d86b54c8530141b09fd31cef5149ec9"},
    {file = "greenlet-2.0.2-cp39-cp39-win32.whl", hash = "sha256:ea9872c80c132f4663822dd2a08d404073a5a9b5ba6155bea72fb2a79d1093b5"},
    {file = "greenlet-2.0.2-cp39-cp39-win_amd64.whl", hash = "sha256:db1a39669102a1d8d12b57de2bb7e2ec9066a6f2b3da35ae511ff93b01b5d564"},
    {file = "greenlet-2.0.2.tar.gz", hash = "sha256:e7c8dc13af7db097bed64a051d2dd49e9f0af495c26995c00a9ee842690d34c0"},
]

[package.extras]
docs = ["Sphinx", "docutils (<0.18)"]
test = ["objgraph", "psutil"]

[[package]]
name = "iniconfig"
version = "2.0.0"
description = "brain-dead simple config-ini parsing"
category = "dev"
optional = false
python-versions = ">=3.7"
files = [
    {file = "iniconfig-2.0.0-py3-none-any.whl", hash = "sha256:b6a85871a79d2e3b22d2d1b94ac2824226a63c6b741c88f7ae975f18b6778374"},
    {file = "iniconfig-2.0.0.tar.gz", hash = "sha256:2d91e135bf72d31a410b17c16da610a82cb55f6b0477d1a902134b24a455b8b3"},
]

[[package]]
name = "loguru"
version = "0.7.0"
description = "Python logging made (stupidly) simple"
category = "dev"
optional = false
python-versions = ">=3.5"
files = [
    {file = "loguru-0.7.0-py3-none-any.whl", hash = "sha256:b93aa30099fa6860d4727f1b81f8718e965bb96253fa190fab2077aaad6d15d3"},
    {file = "loguru-0.7.0.tar.gz", hash = "sha256:1612053ced6ae84d7959dd7d5e431a0532642237ec21f7fd83ac73fe539e03e1"},
]

[package.dependencies]
colorama = {version = ">=0.3.4", markers = "sys_platform == \"win32\""}
win32-setctime = {version = ">=1.0.0", markers = "sys_platform == \"win32\""}

[package.extras]
dev = ["Sphinx (==5.3.0)", "colorama (==0.4.5)", "colorama (==0.4.6)", "freezegun (==1.1.0)", "freezegun (==1.2.2)", "mypy (==v0.910)", "mypy (==v0.971)", "mypy (==v0.990)", "pre-commit (==3.2.1)", "pytest (==6.1.2)", "pytest (==7.2.1)", "pytest-cov (==2.12.1)", "pytest-cov (==4.0.0)", "pytest-mypy-plugins (==1.10.1)", "pytest-mypy-plugins (==1.9.3)", "sphinx-autobuild (==2021.3.14)", "sphinx-rtd-theme (==1.2.0)", "tox (==3.27.1)", "tox (==4.4.6)"]

[[package]]
name = "packaging"
version = "23.1"
description = "Core utilities for Python packages"
category = "dev"
optional = false
python-versions = ">=3.7"
files = [
    {file = "packaging-23.1-py3-none-any.whl", hash = "sha256:994793af429502c4ea2ebf6bf664629d07c1a9fe974af92966e4b8d2df7edc61"},
    {file = "packaging-23.1.tar.gz", hash = "sha256:a392980d2b6cffa644431898be54b0045151319d1e7ec34f0cfed48767dd334f"},
]

[[package]]
name = "pastel"
version = "0.2.1"
description = "Bring colors to your terminal."
category = "dev"
optional = false
python-versions = ">=2.7, !=3.0.*, !=3.1.*, !=3.2.*, !=3.3.*"
files = [
    {file = "pastel-0.2.1-py2.py3-none-any.whl", hash = "sha256:4349225fcdf6c2bb34d483e523475de5bb04a5c10ef711263452cb37d7dd4364"},
    {file = "pastel-0.2.1.tar.gz", hash = "sha256:e6581ac04e973cac858828c6202c1e1e81fee1dc7de7683f3e1ffe0bfd8a573d"},
]

[[package]]
name = "pluggy"
version = "1.0.0"
description = "plugin and hook calling mechanisms for python"
category = "dev"
optional = false
python-versions = ">=3.6"
files = [
    {file = "pluggy-1.0.0-py2.py3-none-any.whl", hash = "sha256:74134bbf457f031a36d68416e1509f34bd5ccc019f0bcc952c7b909d06b37bd3"},
    {file = "pluggy-1.0.0.tar.gz", hash = "sha256:4224373bacce55f955a878bf9cfa763c1e360858e330072059e10bad68531159"},
]

[package.extras]
dev = ["pre-commit", "tox"]
testing = ["pytest", "pytest-benchmark"]

[[package]]
name = "poethepoet"
version = "0.18.1"
description = "A task runner that works well with poetry."
category = "dev"
optional = false
python-versions = ">=3.7"
files = [
    {file = "poethepoet-0.18.1-py3-none-any.whl", hash = "sha256:e85727bf6f4a10bf6c1a43026bdeb40df689bea3c4682d03cbe531cabc8f2ba6"},
    {file = "poethepoet-0.18.1.tar.gz", hash = "sha256:5f3566b14c2f5dccdfbc3bb26f0096006b38dc0b9c74bd4f8dd1eba7b0e29f6a"},
]

[package.dependencies]
pastel = ">=0.2.1,<0.3.0"
tomli = ">=1.2.2"

[package.extras]
poetry-plugin = ["poetry (>=1.0,<2.0)"]

[[package]]
name = "pygame"
version = "2.4.0"
description = "Python Game Development"
category = "main"
optional = false
python-versions = ">=3.6"
files = [
    {file = "pygame-2.4.0-cp310-cp310-macosx_10_9_x86_64.whl", hash = "sha256:63591f381e5b28b90e115ac7a96f8ce5ecb917facb42d79d4f89714f89cc6d8e"},
    {file = "pygame-2.4.0-cp310-cp310-macosx_11_0_arm64.whl", hash = "sha256:13511c7c29f0fc23636f3b95a96ab45f964e84073e7e27dc602a479cd274d89a"},
    {file = "pygame-2.4.0-cp310-cp310-manylinux_2_12_i686.manylinux2010_i686.whl", hash = "sha256:1b7201a44869eb420dd56c8e003251c9e7422c5304b3e78508e767a5634ab31b"},
    {file = "pygame-2.4.0-cp310-cp310-manylinux_2_12_x86_64.manylinux2010_x86_64.whl", hash = "sha256:3ab14e06c302921f33d25180813711a920acef386d3992fc21731d2d5e8e86f0"},
    {file = "pygame-2.4.0-cp310-cp310-manylinux_2_17_aarch64.manylinux2014_aarch64.whl", hash = "sha256:418659c2d42f6a2356e2691006d79b6e07fd4992f9e904a2638c51c992f3e41b"},
    {file = "pygame-2.4.0-cp310-cp310-manylinux_2_17_i686.manylinux2014_i686.whl", hash = "sha256:e70fd71e0321a805001192e08ae4af45b86c68f155670230c3f6f4dd25089e70"},
    {file = "pygame-2.4.0-cp310-cp310-manylinux_2_17_x86_64.manylinux2014_x86_64.whl", hash = "sha256:ab8115af26a9e95f39b08fff416f097803480f265500b218a5ca065d6e73124f"},
    {file = "pygame-2.4.0-cp310-cp310-win32.whl", hash = "sha256:4ffec9661731fb674ccc88d1de92709219047af3d8198d0e6203c21f3f1b54a7"},
    {file = "pygame-2.4.0-cp310-cp310-win_amd64.whl", hash = "sha256:bb5a39320d00fa781959d2d0151e6f0293dd1398c6dc9dc934112ecce7b4fb52"},
    {file = "pygame-2.4.0-cp311-cp311-macosx_10_9_x86_64.whl", hash = "sha256:23543e2d206d8de7d6db4f7b1c74e6fea6c01ead63caf7252e63341e1cdb09f6"},
    {file = "pygame-2.4.0-cp311-cp311-macosx_11_0_arm64.whl", hash = "sha256:4b562cfdd8caa76ba47ca2a9211fee6b0a95ceb95c9da94cf60a3909b2300854"},
    {file = "pygame-2.4.0-cp311-cp311-manylinux_2_17_aarch64.manylinux2014_aarch64.whl", hash = "sha256:751bc57e4c3b7cd92762344562dcbd405e2b54488de1d7a1e083a470bdbc5ae9"},
    {file = "pygame-2.4.0-cp311-cp311-manylinux_2_17_i686.manylinux2014_i686.whl", hash = "sha256:d9b1127f085d09c7c0a976d440e8fc2f7adc579d62abcfc20c23c2699bbe2dc1"},
    {file = "pygame-2.4.0-cp311-cp311-manylinux_2_17_x86_64.manylinux2014_x86_64.whl", hash = "sha256:47fd096ceb68d966681f8d0e820f7305bf05b30421ca562cfdb3c89a5aef26e5"},
    {file = "pygame-2.4.0-cp311-cp311-win32.whl", hash = "sha256:de963a4b8787d93a9fba8f4052d9dde8b12adbeac5781e48035be1557dfadb20"},
    {file = "pygame-2.4.0-cp311-cp311-win_amd64.whl", hash = "sha256:75ef535ebe541b74a160bb59c3e520f543250d19f69d5973350ec1b9706e1469"},
    {file = "pygame-2.4.0-cp36-cp36m-macosx_10_9_x86_64.whl", hash = "sha256:ca2ecc65126eaaa5b8e6a119913cfb2c2b1ed4c8ee1b980baf333aa9d379f227"},
    {file = "pygame-2.4.0-cp36-cp36m-manylinux_2_12_i686.manylinux2010_i686.whl", hash = "sha256:4a98ed8c47e367b9233b5ca25c36c2b45ab61959ac543195f0b6349f0a599ec8"},
    {file = "pygame-2.4.0-cp36-cp36m-manylinux_2_12_x86_64.manylinux2010_x86_64.whl", hash = "sha256:00ecd4688ee25d5d4cf48eddab18749a9bb2b382772f7fa8a987e4d21026c603"},
    {file = "pygame-2.4.0-cp36-cp36m-manylinux_2_17_aarch64.manylinux2014_aarch64.whl", hash = "sha256:99c296ecb8ce6ea1f404f4d174fdb215c64515827778525301c29ddf6f8e6e07"},
    {file = "pygame-2.4.0-cp36-cp36m-manylinux_2_17_i686.manylinux2014_i686.whl", hash = "sha256:b6b94fc99487ce4a45ce00fa9145f4861f6e021254a005101d00bc17a4bb4f5c"},
    {file = "pygame-2.4.0-cp36-cp36m-manylinux_2_17_x86_64.manylinux2014_x86_64.whl", hash = "sha256:f3020fb98f27a6ea79418a5b332ca07be93884e4a455c8a0a31b2dcf39ee2d96"},
    {file = "pygame-2.4.0-cp36-cp36m-manylinux_2_5_i686.manylinux1_i686.whl", hash = "sha256:8f97c8be81b3262ad8dae982485c4a73c9f2374614dfc0db8eb0f754badb29d6"},
    {file = "pygame-2.4.0-cp36-cp36m-manylinux_2_5_x86_64.manylinux1_x86_64.whl", hash = "sha256:be7f948d33d0536c2922289e6f5983251cb0bd0d727db6ff692886c239f47a2c"},
    {file = "pygame-2.4.0-cp36-cp36m-win32.whl", hash = "sha256:a66b314f4a637784d5ca2970745bb2e6e554447dce8f4cfedd9b9fcef5e3ffc6"},
    {file = "pygame-2.4.0-cp36-cp36m-win_amd64.whl", hash = "sha256:c09323eeae9e0cb2ced0cb3635485ae17f4f1b2b6b908a494ce2d830c609d4be"},
    {file = "pygame-2.4.0-cp37-cp37m-macosx_10_9_x86_64.whl", hash = "sha256:c4241e1da3852a955d37a22157ed51b2d30a65f7987eac9d162bb302fb754d87"},
    {file = "pygame-2.4.0-cp37-cp37m-manylinux_2_12_i686.manylinux2010_i686.whl", hash = "sha256:802b03f6c367359c94eb6a90169666efa1aa1d6e24fce37a0b21642ccdfe48cf"},
    {file = "pygame-2.4.0-cp37-cp37m-manylinux_2_12_x86_64.manylinux2010_x86_64.whl", hash = "sha256:79b0962a8f09788ca735532cfcf2dd053424fe5eabbda564b74f8e5e2eb11f48"},
    {file = "pygame-2.4.0-cp37-cp37m-manylinux_2_17_aarch64.manylinux2014_aarch64.whl", hash = "sha256:627c8bb007a757da18d32c5d9b7ac50ab0356d9e922d570b0572765778080787"},
    {file = "pygame-2.4.0-cp37-cp37m-manylinux_2_17_i686.manylinux2014_i686.whl", hash = "sha256:f576403c2b14f0eea694365b9018d5bacac70b1550261ffc7a54a92e18967541"},
    {file = "pygame-2.4.0-cp37-cp37m-manylinux_2_17_x86_64.manylinux2014_x86_64.whl", hash = "sha256:5210cb09ec31281e16fda008bf8dfe2e024eef58e075dd0c01935d0004fdfffd"},
    {file = "pygame-2.4.0-cp37-cp37m-manylinux_2_5_i686.manylinux1_i686.whl", hash = "sha256:6060d68d10fafd51c4cb3a7d687d741009881860dfd429c863e570877e2ce9de"},
    {file = "pygame-2.4.0-cp37-cp37m-manylinux_2_5_x86_64.manylinux1_x86_64.whl", hash = "sha256:6c0081546749c0b4341ce575622a4f8eee05f675d3a0872ab6aed6e5bd2ba5a8"},
    {file = "pygame-2.4.0-cp38-cp38-macosx_10_9_x86_64.whl", hash = "sha256:53bfdc1aea619fa8d347be37b08de87089d543375948aacf8b163b0c5eb6d4e4"},
    {file = "pygame-2.4.0-cp38-cp38-macosx_11_0_arm64.whl", hash = "sha256:7fa1e65fd559823997f39a592cb49d8c89dd31c8bbde8273fe3922e2c1f294f6"},
    {file = "pygame-2.4.0-cp38-cp38-manylinux_2_12_i686.manylinux2010_i686.whl", hash = "sha256:65ee75e0e83e393fdc5c06e55e376c7511881a5ebee006ecca89cb1b3b41d6f1"},
    {file = "pygame-2.4.0-cp38-cp38-manylinux_2_12_x86_64.manylinux2010_x86_64.whl", hash = "sha256:fbcba1b06f42338fecbd366227025f81729d9f4a577677fd3cd1ceff34d7286a"},
    {file = "pygame-2.4.0-cp38-cp38-manylinux_2_17_aarch64.manylinux2014_aarch64.whl", hash = "sha256:b04451e5addae3a078a7a4f494e6b217025f4813dfb364a49c250fc5dfd1d2e2"},
    {file = "pygame-2.4.0-cp38-cp38-manylinux_2_17_i686.manylinux2014_i686.whl", hash = "sha256:faa3b63b71d555e7a21cecc11c65e059d9cb1902158d863ac3592e1947bc521a"},
    {file = "pygame-2.4.0-cp38-cp38-manylinux_2_17_x86_64.manylinux2014_x86_64.whl", hash = "sha256:ef14750fa60b47510cfe9c7c37e7abe67617f5d1f1a8ffa257a59d49836dadda"},
    {file = "pygame-2.4.0-cp38-cp38-manylinux_2_5_i686.manylinux1_i686.whl", hash = "sha256:5a2aee4214e5efed2cb3650139010dd4d0b1c29a9760278ab259d0b46281b66a"},
    {file = "pygame-2.4.0-cp38-cp38-manylinux_2_5_x86_64.manylinux1_x86_64.whl", hash = "sha256:47be83060a9dbc79763fd230f04d53a29064b5f64d1b59425c432d3570b22623"},
    {file = "pygame-2.4.0-cp39-cp39-macosx_10_9_x86_64.whl", hash = "sha256:9f6b7a604812f447495829751dfe7ab57cb31c2c9acdb07ba4b7157490411a12"},
    {file = "pygame-2.4.0-cp39-cp39-macosx_11_0_arm64.whl", hash = "sha256:e2a3176b33b97ebae397f951d254e3155a0afe730e1b76fb35126555c27dd3b5"},
    {file = "pygame-2.4.0-cp39-cp39-manylinux_2_12_i686.manylinux2010_i686.whl", hash = "sha256:6ec870a63295ebff737640c4ef39868312e206dcba655b4ad5c7d0e8c2488b73"},
    {file = "pygame-2.4.0-cp39-cp39-manylinux_2_12_x86_64.manylinux2010_x86_64.whl", hash = "sha256:e75d8c2980d719045be366160568bf508cbbed21285efe32468c75abcd4cf8b3"},
    {file = "pygame-2.4.0-cp39-cp39-manylinux_2_17_aarch64.manylinux2014_aarch64.whl", hash = "sha256:7e5d32def075e495b4802371fd8cda96ff4957aa39e215f83d87022dedf14cfb"},
    {file = "pygame-2.4.0-cp39-cp39-manylinux_2_17_i686.manylinux2014_i686.whl", hash = "sha256:cad74cbbefbdb81cb22a9ea22561614b8dc58fcd52cd54126bbb8ee9ee77a5d5"},
    {file = "pygame-2.4.0-cp39-cp39-manylinux_2_17_x86_64.manylinux2014_x86_64.whl", hash = "sha256:b4c75dd345707da622c78dbd6a63a025f7b89377ddc4e71ba40043929824f5d4"},
    {file = "pygame-2.4.0-cp39-cp39-manylinux_2_5_i686.manylinux1_i686.whl", hash = "sha256:075c1282b1d307669c8ef29942564b91acb85623bedba3bfb841079d539ded31"},
    {file = "pygame-2.4.0-cp39-cp39-manylinux_2_5_x86_64.manylinux1_x86_64.whl", hash = "sha256:1422673a2b485153cbc20dbbd37af791c9842ca98a1b7a89fe3ac115cce79805"},
    {file = "pygame-2.4.0-pp36-pypy36_pp73-win32.whl", hash = "sha256:2946c151691c80ffb9f3f39e1f294d7ed9edaae1814e528d2f5b4751e7e6d903"},
    {file = "pygame-2.4.0-pp37-pypy37_pp73-manylinux_2_17_i686.manylinux2014_i686.whl", hash = "sha256:80502eb26483b0206d0508475ec7d67a86bc0afc5bb4aad3a6172a7a85a27554"},
    {file = "pygame-2.4.0-pp37-pypy37_pp73-manylinux_2_17_x86_64.manylinux2014_x86_64.whl", hash = "sha256:f9c8bb7b77f97eb49dac900445fbf96a332d2072588949d6396581933843fb04"},
    {file = "pygame-2.4.0-pp38-pypy38_pp73-macosx_10_9_x86_64.whl", hash = "sha256:8b6e1493724d29e46a0e7e8125d9808c9957c652db67afe9497d385509fc5ac5"},
    {file = "pygame-2.4.0-pp38-pypy38_pp73-manylinux_2_17_i686.manylinux2014_i686.whl", hash = "sha256:43db3a6c9be3d94eececf7c86cde7584d2bb87f394ade40139c3b4e528fdff24"},
    {file = "pygame-2.4.0-pp38-pypy38_pp73-manylinux_2_17_x86_64.manylinux2014_x86_64.whl", hash = "sha256:32ed4d4317bce8fe78592a7b5b4a07f2e0ff814e35c66cb5a3b398dae96c3f27"},
    {file = "pygame-2.4.0-pp39-pypy39_pp73-macosx_10_9_x86_64.whl", hash = "sha256:e5f043751840a07ff0160abe46ed42a88bc29baee93656abb5a050beda176306"},
    {file = "pygame-2.4.0-pp39-pypy39_pp73-manylinux_2_17_i686.manylinux2014_i686.whl", hash = "sha256:867cf19f1c7aa6f187a0a31b702f5668e935e700b46d94bd58e94ec8581cf081"},
    {file = "pygame-2.4.0-pp39-pypy39_pp73-manylinux_2_17_x86_64.manylinux2014_x86_64.whl", hash = "sha256:5a93d368311d40827dc5f0cad2a0e9a8700c1b017346808cfdfd9ea98aee45df"},
    {file = "pygame-2.4.0.tar.gz", hash = "sha256:e3603e70e96ee30af1954ce57d4922a059402f368013e7138e90f1c03d185267"},
]

[[package]]
name = "pymysql"
version = "1.0.3"
description = "Pure Python MySQL Driver"
category = "main"
optional = false
python-versions = ">=3.7"
files = [
    {file = "PyMySQL-1.0.3-py3-none-any.whl", hash = "sha256:89fc6ae41c0aeb6e1f7710cdd623702ea2c54d040565767a78b00a5ebb12f4e5"},
    {file = "PyMySQL-1.0.3.tar.gz", hash = "sha256:3dda943ef3694068a75d69d071755dbecacee1adf9a1fc5b206830d2b67d25e8"},
]

[package.extras]
ed25519 = ["PyNaCl (>=1.4.0)"]
rsa = ["cryptography"]

[[package]]
name = "pytest"
version = "7.3.1"
description = "pytest: simple powerful testing with Python"
category = "dev"
optional = false
python-versions = ">=3.7"
files = [
    {file = "pytest-7.3.1-py3-none-any.whl", hash = "sha256:3799fa815351fea3a5e96ac7e503a96fa51cc9942c3753cda7651b93c1cfa362"},
    {file = "pytest-7.3.1.tar.gz", hash = "sha256:434afafd78b1d78ed0addf160ad2b77a30d35d4bdf8af234fe621919d9ed15e3"},
]

[package.dependencies]
colorama = {version = "*", markers = "sys_platform == \"win32\""}
exceptiongroup = {version = ">=1.0.0rc8", markers = "python_version < \"3.11\""}
iniconfig = "*"
packaging = "*"
pluggy = ">=0.12,<2.0"
tomli = {version = ">=1.0.0", markers = "python_version < \"3.11\""}

[package.extras]
testing = ["argcomplete", "attrs (>=19.2.0)", "hypothesis (>=3.56)", "mock", "nose", "pygments (>=2.7.2)", "requests", "xmlschema"]

[[package]]
name = "python-dotenv"
version = "1.0.0"
description = "Read key-value pairs from a .env file and set them as environment variables"
category = "main"
optional = false
python-versions = ">=3.8"
files = [
    {file = "python-dotenv-1.0.0.tar.gz", hash = "sha256:a8df96034aae6d2d50a4ebe8216326c61c3eb64836776504fcca410e5937a3ba"},
    {file = "python_dotenv-1.0.0-py3-none-any.whl", hash = "sha256:f5971a9226b701070a4bf2c38c89e5a3f0d64de8debda981d1db98583009122a"},
]

[package.extras]
cli = ["click (>=5.0)"]

[[package]]
name = "reloadium"
version = "1.1.0"
description = "Hot reloader aka edit and continue for Python"
category = "dev"
optional = false
python-versions = ">=3.7.0,<4.0"
files = [
    {file = "reloadium-1.1.0-cp310-cp310-macosx_10_15_x86_64.whl", hash = "sha256:c2ead525d04cb9817370ed5e279ae14233bf962658046b55af397ea38970b521"},
    {file = "reloadium-1.1.0-cp310-cp310-macosx_12_0_arm64.whl", hash = "sha256:4aaf58dce12ad2f17ace7fa93f3c65b904241a74cfaee19947a0f02db28ea9fc"},
    {file = "reloadium-1.1.0-cp310-cp310-manylinux_2_17_x86_64.manylinux2014_x86_64.whl", hash = "sha256:db12be2dfca2285b9307e029075a55b4461966124c4664f831d387fc91aad91c"},
    {file = "reloadium-1.1.0-cp310-cp310-win_amd64.whl", hash = "sha256:88eb99446a49f3eb59088814875f911c1d5aa303ea74147fe7e7bb46e962dd09"},
    {file = "reloadium-1.1.0-cp311-cp311-macosx_11_0_universal2.whl", hash = "sha256:7b1c90546c1977215d1eb2958f28af79cb8eb3068a3142fdd6a0933a1c6e55c7"},
    {file = "reloadium-1.1.0-cp311-cp311-macosx_12_0_arm64.whl", hash = "sha256:8fe74f51cd78546589a4f6d5dfb9aad41b3d8e8ca44348ceb1dddc56201f3e3a"},
    {file = "reloadium-1.1.0-cp311-cp311-manylinux_2_17_x86_64.manylinux2014_x86_64.whl", hash = "sha256:49cd172ebb5412ce1a4ad8511e622d3aeeaf50b1dedd5812d6f91fa35cfc8c60"},
    {file = "reloadium-1.1.0-cp311-cp311-win_amd64.whl", hash = "sha256:49c1fb31f14a72967f076e00b569bd24a0346f25cfc8e130dc013b881dc7ac73"},
    {file = "reloadium-1.1.0-cp37-cp37m-macosx_10_9_x86_64.whl", hash = "sha256:70683ff121e00f0aa93e8ca1f5753ebcd03c2ce0d0f5dab051b68583cac3de31"},
    {file = "reloadium-1.1.0-cp37-cp37m-manylinux_2_17_x86_64.manylinux2014_x86_64.whl", hash = "sha256:a58579fea287fd3975b4d34e96af4d9747524defe9c92f4795c13ed7327c88b3"},
    {file = "reloadium-1.1.0-cp37-cp37m-win_amd64.whl", hash = "sha256:28e706b03b644cf8d4b8279f041b214cee749885f16b321b418232095a1eb903"},
    {file = "reloadium-1.1.0-cp38-cp38-macosx_10_9_x86_64.whl", hash = "sha256:c8b7cfb1f880acdb55467ed61d084c2ec4887df3d74d627b7f98fbbfb604ee69"},
    {file = "reloadium-1.1.0-cp38-cp38-manylinux_2_17_x86_64.manylinux2014_x86_64.whl", hash = "sha256:5e0b2922e58845e2a22a15dc4830c0af51208418a57416d5210bc3f3b97d9362"},
    {file = "reloadium-1.1.0-cp38-cp38-win_amd64.whl", hash = "sha256:c379cb6c94bc44d506d142303312ca55b6bb19c034070d28e77d5a780317ee03"},
    {file = "reloadium-1.1.0-cp39-cp39-macosx_10_9_x86_64.whl", hash = "sha256:a9840784ab76c35f8743056eff1b2c476644c92e07cab24af811744c18dc94f4"},
    {file = "reloadium-1.1.0-cp39-cp39-macosx_12_0_arm64.whl", hash = "sha256:a7ac0bc51e93977643814365fc5185cef0b63df8473107313277f1e8490b7078"},
    {file = "reloadium-1.1.0-cp39-cp39-manylinux_2_17_x86_64.manylinux2014_x86_64.whl", hash = "sha256:00e719b6159eaf702a059fd2a430f950a4f1aba450ee2d3a8129cf0075d34616"},
    {file = "reloadium-1.1.0-cp39-cp39-win_amd64.whl", hash = "sha256:4e0f523b06c87bd11e5b01801425e7ba927077fac2c43b7abbc1eff1ef428ae0"},
    {file = "reloadium-1.1.0-py3-none-any.whl", hash = "sha256:7fc504e4d2f76bae39da5707d7545fe718a424d9c12c056ba5d1a6912f3282e6"},
]

[[package]]
name = "setuptools"
version = "67.7.2"
description = "Easily download, build, install, upgrade, and uninstall Python packages"
category = "main"
optional = false
python-versions = ">=3.7"
files = [
    {file = "setuptools-67.7.2-py3-none-any.whl", hash = "sha256:23aaf86b85ca52ceb801d32703f12d77517b2556af839621c641fca11287952b"},
    {file = "setuptools-67.7.2.tar.gz", hash = "sha256:f104fa03692a2602fa0fec6c6a9e63b6c8a968de13e17c026957dd1f53d80990"},
]

[package.extras]
docs = ["furo", "jaraco.packaging (>=9)", "jaraco.tidelift (>=1.4)", "pygments-github-lexers (==0.0.5)", "rst.linker (>=1.9)", "sphinx (>=3.5)", "sphinx-favicon", "sphinx-hoverxref (<2)", "sphinx-inline-tabs", "sphinx-lint", "sphinx-notfound-page (==0.8.3)", "sphinx-reredirects", "sphinxcontrib-towncrier"]
testing = ["build[virtualenv]", "filelock (>=3.4.0)", "flake8 (<5)", "flake8-2020", "ini2toml[lite] (>=0.9)", "jaraco.envs (>=2.2)", "jaraco.path (>=3.2.0)", "pip (>=19.1)", "pip-run (>=8.8)", "pytest (>=6)", "pytest-black (>=0.3.7)", "pytest-checkdocs (>=2.4)", "pytest-cov", "pytest-enabler (>=1.3)", "pytest-flake8", "pytest-mypy (>=0.9.1)", "pytest-perf", "pytest-timeout", "pytest-xdist", "tomli-w (>=1.0.0)", "virtualenv (>=13.0.0)", "wheel"]
testing-integration = ["build[virtualenv]", "filelock (>=3.4.0)", "jaraco.envs (>=2.2)", "jaraco.path (>=3.2.0)", "pytest", "pytest-enabler", "pytest-xdist", "tomli", "virtualenv (>=13.0.0)", "wheel"]

[[package]]
name = "sqlalchemy"
version = "2.0.12"
description = "Database Abstraction Library"
category = "main"
optional = false
python-versions = ">=3.7"
files = [
    {file = "SQLAlchemy-2.0.12-cp310-cp310-macosx_10_9_x86_64.whl", hash = "sha256:10f1ff0ebe21d2cea89ead231ba3ecf75678463ab85f19ce2ce91207620737f3"},
    {file = "SQLAlchemy-2.0.12-cp310-cp310-macosx_11_0_arm64.whl", hash = "sha256:978bee4ecbcdadf087220618409fb9be9509458df479528b70308f0599c7c519"},
    {file = "SQLAlchemy-2.0.12-cp310-cp310-manylinux_2_17_aarch64.manylinux2014_aarch64.whl", hash = "sha256:53b2c8adbcbb59732fb21a024aaa261983655845d86e3fc26a5676cec0ebaa09"},
    {file = "SQLAlchemy-2.0.12-cp310-cp310-manylinux_2_17_x86_64.manylinux2014_x86_64.whl", hash = "sha256:91f4b1bdc987ef85fe3a0ce5d26ac72ff8f60207b08272aa2a65494836391d69"},
    {file = "SQLAlchemy-2.0.12-cp310-cp310-musllinux_1_1_aarch64.whl", hash = "sha256:dfd6385b662aea83e63dd4db5fe116eb11914022deb1745f0b57fa8470c18ffe"},
    {file = "SQLAlchemy-2.0.12-cp310-cp310-musllinux_1_1_x86_64.whl", hash = "sha256:5e9d390727c11b9a7e583bf6770de36895c0936bddb98ae93ae99282e6428d5f"},
    {file = "SQLAlchemy-2.0.12-cp310-cp310-win32.whl", hash = "sha256:a4709457f1c317e347051498b91fa2b86c4bcdebf93c84e6d121a4fc8a397307"},
    {file = "SQLAlchemy-2.0.12-cp310-cp310-win_amd64.whl", hash = "sha256:f0843132168b44ca33c5e5a2046c954775dde8c580ce27f5cf2e134d0d9919e4"},
    {file = "SQLAlchemy-2.0.12-cp311-cp311-macosx_10_9_x86_64.whl", hash = "sha256:32762dba51b663609757f861584a722093487f53737e76474cc6e190904dc31b"},
    {file = "SQLAlchemy-2.0.12-cp311-cp311-macosx_11_0_arm64.whl", hash = "sha256:5d709f43caee115b03b707b8cbbcb8b303045dd7cdc825b6d29857d71f3425ae"},
    {file = "SQLAlchemy-2.0.12-cp311-cp311-manylinux_2_17_aarch64.manylinux2014_aarch64.whl", hash = "sha256:9fe98e9d26778d7711ceee2c671741b4f54c74677668481d733d6f70747d7690"},
    {file = "SQLAlchemy-2.0.12-cp311-cp311-manylinux_2_17_x86_64.manylinux2014_x86_64.whl", hash = "sha256:2a3101252f3de9a18561c1fb0a68b1ee465485990aba458d4510f214bd5a582c"},
    {file = "SQLAlchemy-2.0.12-cp311-cp311-musllinux_1_1_aarch64.whl", hash = "sha256:6b1fa0ffc378a7061c452cb4a1f804fad1b3b8aa8d0552725531d27941b2e3ed"},
    {file = "SQLAlchemy-2.0.12-cp311-cp311-musllinux_1_1_x86_64.whl", hash = "sha256:c5268ec05c21e2ecf5bca09314bcaadfec01f02163088cd602db4379862958dd"},
    {file = "SQLAlchemy-2.0.12-cp311-cp311-win32.whl", hash = "sha256:77a06b0983faf9aa48ee6219d41ade39dee16ce90857cc181dbcf6918acd234d"},
    {file = "SQLAlchemy-2.0.12-cp311-cp311-win_amd64.whl", hash = "sha256:a022c588c0f413f8cddf9fcc597dbf317efeac4186d8bff9aa7f3219258348b0"},
    {file = "SQLAlchemy-2.0.12-cp37-cp37m-macosx_10_9_x86_64.whl", hash = "sha256:b6ceca432ce88ad12aab5b5896c343a1993c90b325d9193dcd055e73e18a0439"},
    {file = "SQLAlchemy-2.0.12-cp37-cp37m-manylinux_2_17_aarch64.manylinux2014_aarch64.whl", hash = "sha256:0e5501c78b5ab917f0f0f75ce7f0018f683a0a76e95f30e6561bf61c9ff69d43"},
    {file = "SQLAlchemy-2.0.12-cp37-cp37m-manylinux_2_17_x86_64.manylinux2014_x86_64.whl", hash = "sha256:dc67efd00ce7f428a446ce012673c03c63c5abb5dec3f33750087b8bdc173bf0"},
    {file = "SQLAlchemy-2.0.12-cp37-cp37m-musllinux_1_1_aarch64.whl", hash = "sha256:1fac17c866111283cbcdb7024d646abb71fdd95f3ce975cf3710258bc55742fd"},
    {file = "SQLAlchemy-2.0.12-cp37-cp37m-musllinux_1_1_x86_64.whl", hash = "sha256:f30c5608c64fc9c1fa9a16277eb4784f782362566fe40ff8d283358c8f2c5fe0"},
    {file = "SQLAlchemy-2.0.12-cp37-cp37m-win32.whl", hash = "sha256:85b0efe1c71459ba435a6593f54a0e39334b16ba383e8010fdb9d0127ca51ba8"},
    {file = "SQLAlchemy-2.0.12-cp37-cp37m-win_amd64.whl", hash = "sha256:b76c2fde827522e21922418325c1b95c2d795cdecfb4bc261e4d37965199ee7f"},
    {file = "SQLAlchemy-2.0.12-cp38-cp38-macosx_10_9_x86_64.whl", hash = "sha256:aec5fb36b53125554ecc2285526eb5cc31b21f6cb059993c1c5ca831959de052"},
    {file = "SQLAlchemy-2.0.12-cp38-cp38-macosx_11_0_arm64.whl", hash = "sha256:4ad525b9dd17b478a2ed8580d7f2bc46b0f5889153c6b1c099729583e395b4b9"},
    {file = "SQLAlchemy-2.0.12-cp38-cp38-manylinux_2_17_aarch64.manylinux2014_aarch64.whl", hash = "sha256:d9796d5c13b2b7f05084d0ce52528cf919f9bde9e0f10672a6393a4490415695"},
    {file = "SQLAlchemy-2.0.12-cp38-cp38-manylinux_2_17_x86_64.manylinux2014_x86_64.whl", hash = "sha256:6e1d50592cb24d1947c374c666add65ded7c181ec98a89ed17abbe9b8b2e2ff4"},
    {file = "SQLAlchemy-2.0.12-cp38-cp38-musllinux_1_1_aarch64.whl", hash = "sha256:bf83700faa9642388fbd3167db3f6cbb2e88cc8367b8c22204f3f408ee782d25"},
    {file = "SQLAlchemy-2.0.12-cp38-cp38-musllinux_1_1_x86_64.whl", hash = "sha256:297b752d4f30350b64175bbbd57dc94c061a35f5d1dba088d0a367dbbebabc94"},
    {file = "SQLAlchemy-2.0.12-cp38-cp38-win32.whl", hash = "sha256:369f6564e68a9c60f0b9dde121def491e651a4ba8dcdd652a93f1cd5977cd85c"},
    {file = "SQLAlchemy-2.0.12-cp38-cp38-win_amd64.whl", hash = "sha256:7eb25b981cbc9e7df9f56ad7ec4c6d77323090ca4b7147fcdc09d66535377759"},
    {file = "SQLAlchemy-2.0.12-cp39-cp39-macosx_10_9_x86_64.whl", hash = "sha256:f6ebadefc4331dda83c22519e1ea1e61104df6eb38abbb80ab91b0a8527a5c19"},
    {file = "SQLAlchemy-2.0.12-cp39-cp39-macosx_11_0_arm64.whl", hash = "sha256:3745dee26a7ee012598577ad3b8f6e6cd50a49b2afa0cde9db668da6bf2c2319"},
    {file = "SQLAlchemy-2.0.12-cp39-cp39-manylinux_2_17_aarch64.manylinux2014_aarch64.whl", hash = "sha256:09205893a84b6bedae0453d3f384f5d2a6499b6e45ad977549894cdcd85d8f1c"},
    {file = "SQLAlchemy-2.0.12-cp39-cp39-manylinux_2_17_x86_64.manylinux2014_x86_64.whl", hash = "sha256:8aad66215a3817a7a1d535769773333250de2653c89b53f7e2d42b677d398027"},
    {file = "SQLAlchemy-2.0.12-cp39-cp39-musllinux_1_1_aarch64.whl", hash = "sha256:e495ad05a13171fbb5d72fe5993469c8bceac42bcf6b8f9f117a518ee7fbc353"},
    {file = "SQLAlchemy-2.0.12-cp39-cp39-musllinux_1_1_x86_64.whl", hash = "sha256:03206576ca53f55b9de6e890273e498f4b2e6e687a9db9859bdcd21df5a63e53"},
    {file = "SQLAlchemy-2.0.12-cp39-cp39-win32.whl", hash = "sha256:87b2c2d13c3d1384859b60eabb3139e169ce68ada1d2963dbd0c7af797f16efe"},
    {file = "SQLAlchemy-2.0.12-cp39-cp39-win_amd64.whl", hash = "sha256:3c053c3f4c4e45d4c8b27977647566c140d6de3f61a4e2acb92ea24cf9911c7f"},
    {file = "SQLAlchemy-2.0.12-py3-none-any.whl", hash = "sha256:e752c34f7a2057ebe82c856698b9f277c633d4aad006bddf7af74598567c8931"},
    {file = "SQLAlchemy-2.0.12.tar.gz", hash = "sha256:bddfc5bd1dee5db0fddc9dab26f800c283f3243e7281bbf107200fed30125f9c"},
]

[package.dependencies]
greenlet = {version = "!=0.4.17", markers = "platform_machine == \"aarch64\" or platform_machine == \"ppc64le\" or platform_machine == \"x86_64\" or platform_machine == \"amd64\" or platform_machine == \"AMD64\" or platform_machine == \"win32\" or platform_machine == \"WIN32\""}
typing-extensions = ">=4.2.0"

[package.extras]
aiomysql = ["aiomysql", "greenlet (!=0.4.17)"]
aiosqlite = ["aiosqlite", "greenlet (!=0.4.17)", "typing-extensions (!=3.10.0.1)"]
asyncio = ["greenlet (!=0.4.17)"]
asyncmy = ["asyncmy (>=0.2.3,!=0.2.4,!=0.2.6)", "greenlet (!=0.4.17)"]
mariadb-connector = ["mariadb (>=1.0.1,!=1.1.2,!=1.1.5)"]
mssql = ["pyodbc"]
mssql-pymssql = ["pymssql"]
mssql-pyodbc = ["pyodbc"]
mypy = ["mypy (>=0.910)"]
mysql = ["mysqlclient (>=1.4.0)"]
mysql-connector = ["mysql-connector-python"]
oracle = ["cx-oracle (>=7)"]
oracle-oracledb = ["oracledb (>=1.0.1)"]
postgresql = ["psycopg2 (>=2.7)"]
postgresql-asyncpg = ["asyncpg", "greenlet (!=0.4.17)"]
postgresql-pg8000 = ["pg8000 (>=1.29.1)"]
postgresql-psycopg = ["psycopg (>=3.0.7)"]
postgresql-psycopg2binary = ["psycopg2-binary"]
postgresql-psycopg2cffi = ["psycopg2cffi"]
pymysql = ["pymysql"]
sqlcipher = ["sqlcipher3-binary"]

[[package]]
name = "tomli"
version = "2.0.1"
description = "A lil' TOML parser"
category = "dev"
optional = false
python-versions = ">=3.7"
files = [
    {file = "tomli-2.0.1-py3-none-any.whl", hash = "sha256:939de3e7a6161af0c887ef91b7d41a53e7c5a1ca976325f429cb46ea9bc30ecc"},
    {file = "tomli-2.0.1.tar.gz", hash = "sha256:de526c12914f0c550d15924c62d72abc48d6fe7364aa87328337a31007fe8a4f"},
]

[[package]]
name = "typing-extensions"
version = "4.5.0"
description = "Backported and Experimental Type Hints for Python 3.7+"
category = "main"
optional = false
python-versions = ">=3.7"
files = [
    {file = "typing_extensions-4.5.0-py3-none-any.whl", hash = "sha256:fb33085c39dd998ac16d1431ebc293a8b3eedd00fd4a32de0ff79002c19511b4"},
    {file = "typing_extensions-4.5.0.tar.gz", hash = "sha256:5cb5f4a79139d699607b3ef622a1dedafa84e115ab0024e0d9c044a9479ca7cb"},
]

[[package]]
name = "win32-setctime"
version = "1.1.0"
description = "A small Python utility to set file creation time on Windows"
category = "dev"
optional = false
python-versions = ">=3.5"
files = [
    {file = "win32_setctime-1.1.0-py3-none-any.whl", hash = "sha256:231db239e959c2fe7eb1d7dc129f11172354f98361c4fa2d6d2d7e278baa8aad"},
    {file = "win32_setctime-1.1.0.tar.gz", hash = "sha256:15cf5750465118d6929ae4de4eb46e8edae9a5634350c01ba582df868e932cb2"},
]

[package.extras]
dev = ["black (>=19.3b0)", "pytest (>=4.6.2)"]

[metadata]
lock-version = "2.0"
python-versions = "^3.10"
content-hash = "1ec81783719ede5a7b661dd01e5a9add6d2282694a36d998150c92ba0f5523e5"
