# This file is automatically @generated by Poetry 1.4.0 and should not be changed by hand.

[[package]]
name = "attrs"
version = "22.2.0"
description = "Classes Without Boilerplate"
category = "dev"
optional = false
python-versions = ">=3.6"
files = [
    {file = "attrs-22.2.0-py3-none-any.whl", hash = "sha256:29e95c7f6778868dbd49170f98f8818f78f3dc5e0e37c0b1f474e3561b240836"},
    {file = "attrs-22.2.0.tar.gz", hash = "sha256:c9227bfc2f01993c03f68db37d1d15c9690188323c067c641f1a35ca58185f99"},
]

[package.extras]
cov = ["attrs[tests]", "coverage-enable-subprocess", "coverage[toml] (>=5.3)"]
dev = ["attrs[docs,tests]"]
docs = ["furo", "myst-parser", "sphinx", "sphinx-notfound-page", "sphinxcontrib-towncrier", "towncrier", "zope.interface"]
tests = ["attrs[tests-no-zope]", "zope.interface"]
tests-no-zope = ["cloudpickle", "cloudpickle", "hypothesis", "hypothesis", "mypy (>=0.971,<0.990)", "mypy (>=0.971,<0.990)", "pympler", "pympler", "pytest (>=4.3.0)", "pytest (>=4.3.0)", "pytest-mypy-plugins", "pytest-mypy-plugins", "pytest-xdist[psutil]", "pytest-xdist[psutil]"]

[[package]]
name = "cerberus"
version = "1.3.4"
description = "Lightweight, extensible schema and data validation tool for Python dictionaries."
category = "main"
optional = false
python-versions = ">=2.7"
files = [
    {file = "Cerberus-1.3.4.tar.gz", hash = "sha256:d1b21b3954b2498d9a79edf16b3170a3ac1021df88d197dc2ce5928ba519237c"},
]

[package.dependencies]
setuptools = "*"

[[package]]
name = "colorama"
version = "0.4.6"
description = "Cross-platform colored terminal text."
category = "dev"
optional = false
python-versions = "!=3.0.*,!=3.1.*,!=3.2.*,!=3.3.*,!=3.4.*,!=3.5.*,!=3.6.*,>=2.7"
files = [
    {file = "colorama-0.4.6-py2.py3-none-any.whl", hash = "sha256:4f1d9991f5acc0ca119f9d443620b77f9d6b33703e51011c16baf57afb285fc6"},
    {file = "colorama-0.4.6.tar.gz", hash = "sha256:08695f5cb7ed6e0531a20572697297273c47b8cae5a63ffc6d6ed5c201be6e44"},
]

[[package]]
name = "exceptiongroup"
version = "1.1.0"
description = "Backport of PEP 654 (exception groups)"
category = "dev"
optional = false
python-versions = ">=3.7"
files = [
    {file = "exceptiongroup-1.1.0-py3-none-any.whl", hash = "sha256:327cbda3da756e2de031a3107b81ab7b3770a602c4d16ca618298c526f4bec1e"},
    {file = "exceptiongroup-1.1.0.tar.gz", hash = "sha256:bcb67d800a4497e1b404c2dd44fca47d3b7a5e5433dbab67f96c1a685cdfdf23"},
]

[package.extras]
test = ["pytest (>=6)"]

[[package]]
name = "greenlet"
version = "2.0.2"
description = "Lightweight in-process concurrent programming"
category = "main"
optional = false
python-versions = ">=2.7,!=3.0.*,!=3.1.*,!=3.2.*,!=3.3.*,!=3.4.*"
files = [
    {file = "greenlet-2.0.2-cp27-cp27m-macosx_10_14_x86_64.whl", hash = "sha256:bdfea8c661e80d3c1c99ad7c3ff74e6e87184895bbaca6ee8cc61209f8b9b85d"},
    {file = "greenlet-2.0.2-cp27-cp27m-manylinux2010_x86_64.whl", hash = "sha256:9d14b83fab60d5e8abe587d51c75b252bcc21683f24699ada8fb275d7712f5a9"},
    {file = "greenlet-2.0.2-cp27-cp27m-win32.whl", hash = "sha256:6c3acb79b0bfd4fe733dff8bc62695283b57949ebcca05ae5c129eb606ff2d74"},
    {file = "greenlet-2.0.2-cp27-cp27m-win_amd64.whl", hash = "sha256:283737e0da3f08bd637b5ad058507e578dd462db259f7f6e4c5c365ba4ee9343"},
    {file = "greenlet-2.0.2-cp27-cp27mu-manylinux2010_x86_64.whl", hash = "sha256:d27ec7509b9c18b6d73f2f5ede2622441de812e7b1a80bbd446cb0633bd3d5ae"},
    {file = "greenlet-2.0.2-cp310-cp310-macosx_11_0_x86_64.whl", hash = "sha256:30bcf80dda7f15ac77ba5af2b961bdd9dbc77fd4ac6105cee85b0d0a5fcf74df"},
    {file = "greenlet-2.0.2-cp310-cp310-manylinux_2_17_aarch64.manylinux2014_aarch64.whl", hash = "sha256:26fbfce90728d82bc9e6c38ea4d038cba20b7faf8a0ca53a9c07b67318d46088"},
    {file = "greenlet-2.0.2-cp310-cp310-manylinux_2_17_ppc64le.manylinux2014_ppc64le.whl", hash = "sha256:9190f09060ea4debddd24665d6804b995a9c122ef5917ab26e1566dcc712ceeb"},
    {file = "greenlet-2.0.2-cp310-cp310-manylinux_2_17_x86_64.manylinux2014_x86_64.whl", hash = "sha256:d75209eed723105f9596807495d58d10b3470fa6732dd6756595e89925ce2470"},
    {file = "greenlet-2.0.2-cp310-cp310-musllinux_1_1_aarch64.whl", hash = "sha256:3a51c9751078733d88e013587b108f1b7a1fb106d402fb390740f002b6f6551a"},
    {file = "greenlet-2.0.2-cp310-cp310-musllinux_1_1_x86_64.whl", hash = "sha256:76ae285c8104046b3a7f06b42f29c7b73f77683df18c49ab5af7983994c2dd91"},
    {file = "greenlet-2.0.2-cp310-cp310-win_amd64.whl", hash = "sha256:2d4686f195e32d36b4d7cf2d166857dbd0ee9f3d20ae349b6bf8afc8485b3645"},
    {file = "greenlet-2.0.2-cp311-cp311-macosx_10_9_universal2.whl", hash = "sha256:c4302695ad8027363e96311df24ee28978162cdcdd2006476c43970b384a244c"},
    {file = "greenlet-2.0.2-cp311-cp311-manylinux_2_17_aarch64.manylinux2014_aarch64.whl", hash = "sha256:c48f54ef8e05f04d6eff74b8233f6063cb1ed960243eacc474ee73a2ea8573ca"},
    {file = "greenlet-2.0.2-cp311-cp311-manylinux_2_17_ppc64le.manylinux2014_ppc64le.whl", hash = "sha256:a1846f1b999e78e13837c93c778dcfc3365902cfb8d1bdb7dd73ead37059f0d0"},
    {file = "greenlet-2.0.2-cp311-cp311-manylinux_2_17_x86_64.manylinux2014_x86_64.whl", hash = "sha256:3a06ad5312349fec0ab944664b01d26f8d1f05009566339ac6f63f56589bc1a2"},
    {file = "greenlet-2.0.2-cp311-cp311-musllinux_1_1_aarch64.whl", hash = "sha256:eff4eb9b7eb3e4d0cae3d28c283dc16d9bed6b193c2e1ace3ed86ce48ea8df19"},
    {file = "greenlet-2.0.2-cp311-cp311-musllinux_1_1_x86_64.whl", hash = "sha256:5454276c07d27a740c5892f4907c86327b632127dd9abec42ee62e12427ff7e3"},
    {file = "greenlet-2.0.2-cp311-cp311-win_amd64.whl", hash = "sha256:7cafd1208fdbe93b67c7086876f061f660cfddc44f404279c1585bbf3cdc64c5"},
    {file = "greenlet-2.0.2-cp35-cp35m-macosx_10_14_x86_64.whl", hash = "sha256:910841381caba4f744a44bf81bfd573c94e10b3045ee00de0cbf436fe50673a6"},
    {file = "greenlet-2.0.2-cp35-cp35m-manylinux2010_x86_64.whl", hash = "sha256:18a7f18b82b52ee85322d7a7874e676f34ab319b9f8cce5de06067384aa8ff43"},
    {file = "greenlet-2.0.2-cp35-cp35m-win32.whl", hash = "sha256:03a8f4f3430c3b3ff8d10a2a86028c660355ab637cee9333d63d66b56f09d52a"},
    {file = "greenlet-2.0.2-cp35-cp35m-win_amd64.whl", hash = "sha256:4b58adb399c4d61d912c4c331984d60eb66565175cdf4a34792cd9600f21b394"},
    {file = "greenlet-2.0.2-cp36-cp36m-macosx_10_14_x86_64.whl", hash = "sha256:703f18f3fda276b9a916f0934d2fb6d989bf0b4fb5a64825260eb9bfd52d78f0"},
    {file = "greenlet-2.0.2-cp36-cp36m-manylinux2010_x86_64.whl", hash = "sha256:32e5b64b148966d9cccc2c8d35a671409e45f195864560829f395a54226408d3"},
    {file = "greenlet-2.0.2-cp36-cp36m-manylinux_2_17_aarch64.manylinux2014_aarch64.whl", hash = "sha256:2dd11f291565a81d71dab10b7033395b7a3a5456e637cf997a6f33ebdf06f8db"},
    {file = "greenlet-2.0.2-cp36-cp36m-manylinux_2_17_ppc64le.manylinux2014_ppc64le.whl", hash = "sha256:e0f72c9ddb8cd28532185f54cc1453f2c16fb417a08b53a855c4e6a418edd099"},
    {file = "greenlet-2.0.2-cp36-cp36m-manylinux_2_17_x86_64.manylinux2014_x86_64.whl", hash = "sha256:cd021c754b162c0fb55ad5d6b9d960db667faad0fa2ff25bb6e1301b0b6e6a75"},
    {file = "greenlet-2.0.2-cp36-cp36m-musllinux_1_1_aarch64.whl", hash = "sha256:3c9b12575734155d0c09d6c3e10dbd81665d5c18e1a7c6597df72fd05990c8cf"},
    {file = "greenlet-2.0.2-cp36-cp36m-musllinux_1_1_x86_64.whl", hash = "sha256:b9ec052b06a0524f0e35bd8790686a1da006bd911dd1ef7d50b77bfbad74e292"},
    {file = "greenlet-2.0.2-cp36-cp36m-win32.whl", hash = "sha256:dbfcfc0218093a19c252ca8eb9aee3d29cfdcb586df21049b9d777fd32c14fd9"},
    {file = "greenlet-2.0.2-cp36-cp36m-win_amd64.whl", hash = "sha256:9f35ec95538f50292f6d8f2c9c9f8a3c6540bbfec21c9e5b4b751e0a7c20864f"},
    {file = "greenlet-2.0.2-cp37-cp37m-macosx_10_15_x86_64.whl", hash = "sha256:d5508f0b173e6aa47273bdc0a0b5ba055b59662ba7c7ee5119528f466585526b"},
    {file = "greenlet-2.0.2-cp37-cp37m-manylinux2010_x86_64.whl", hash = "sha256:f82d4d717d8ef19188687aa32b8363e96062911e63ba22a0cff7802a8e58e5f1"},
    {file = "greenlet-2.0.2-cp37-cp37m-manylinux_2_17_aarch64.manylinux2014_aarch64.whl", hash = "sha256:c9c59a2120b55788e800d82dfa99b9e156ff8f2227f07c5e3012a45a399620b7"},
    {file = "greenlet-2.0.2-cp37-cp37m-manylinux_2_17_ppc64le.manylinux2014_ppc64le.whl", hash = "sha256:2780572ec463d44c1d3ae850239508dbeb9fed38e294c68d19a24d925d9223ca"},
    {file = "greenlet-2.0.2-cp37-cp37m-manylinux_2_17_x86_64.manylinux2014_x86_64.whl", hash = "sha256:937e9020b514ceedb9c830c55d5c9872abc90f4b5862f89c0887033ae33c6f73"},
    {file = "greenlet-2.0.2-cp37-cp37m-musllinux_1_1_aarch64.whl", hash = "sha256:36abbf031e1c0f79dd5d596bfaf8e921c41df2bdf54ee1eed921ce1f52999a86"},
    {file = "greenlet-2.0.2-cp37-cp37m-musllinux_1_1_x86_64.whl", hash = "sha256:18e98fb3de7dba1c0a852731c3070cf022d14f0d68b4c87a19cc1016f3bb8b33"},
    {file = "greenlet-2.0.2-cp37-cp37m-win32.whl", hash = "sha256:3f6ea9bd35eb450837a3d80e77b517ea5bc56b4647f5502cd28de13675ee12f7"},
    {file = "greenlet-2.0.2-cp37-cp37m-win_amd64.whl", hash = "sha256:7492e2b7bd7c9b9916388d9df23fa49d9b88ac0640db0a5b4ecc2b653bf451e3"},
    {file = "greenlet-2.0.2-cp38-cp38-macosx_10_15_x86_64.whl", hash = "sha256:b864ba53912b6c3ab6bcb2beb19f19edd01a6bfcbdfe1f37ddd1778abfe75a30"},
    {file = "greenlet-2.0.2-cp38-cp38-manylinux2010_x86_64.whl", hash = "sha256:ba2956617f1c42598a308a84c6cf021a90ff3862eddafd20c3333d50f0edb45b"},
    {file = "greenlet-2.0.2-cp38-cp38-manylinux_2_17_aarch64.manylinux2014_aarch64.whl", hash = "sha256:fc3a569657468b6f3fb60587e48356fe512c1754ca05a564f11366ac9e306526"},
    {file = "greenlet-2.0.2-cp38-cp38-manylinux_2_17_ppc64le.manylinux2014_ppc64le.whl", hash = "sha256:8eab883b3b2a38cc1e050819ef06a7e6344d4a990d24d45bc6f2cf959045a45b"},
    {file = "greenlet-2.0.2-cp38-cp38-manylinux_2_17_x86_64.manylinux2014_x86_64.whl", hash = "sha256:acd2162a36d3de67ee896c43effcd5ee3de247eb00354db411feb025aa319857"},
    {file = "greenlet-2.0.2-cp38-cp38-musllinux_1_1_aarch64.whl", hash = "sha256:0bf60faf0bc2468089bdc5edd10555bab6e85152191df713e2ab1fcc86382b5a"},
    {file = "greenlet-2.0.2-cp38-cp38-musllinux_1_1_x86_64.whl", hash = "sha256:b0ef99cdbe2b682b9ccbb964743a6aca37905fda5e0452e5ee239b1654d37f2a"},
    {file = "greenlet-2.0.2-cp38-cp38-win32.whl", hash = "sha256:b80f600eddddce72320dbbc8e3784d16bd3fb7b517e82476d8da921f27d4b249"},
    {file = "greenlet-2.0.2-cp38-cp38-win_amd64.whl", hash = "sha256:4d2e11331fc0c02b6e84b0d28ece3a36e0548ee1a1ce9ddde03752d9b79bba40"},
    {file = "greenlet-2.0.2-cp39-cp39-macosx_11_0_x86_64.whl", hash = "sha256:88d9ab96491d38a5ab7c56dd7a3cc37d83336ecc564e4e8816dbed12e5aaefc8"},
    {file = "greenlet-2.0.2-cp39-cp39-manylinux2010_x86_64.whl", hash = "sha256:561091a7be172ab497a3527602d467e2b3fbe75f9e783d8b8ce403fa414f71a6"},
    {file = "greenlet-2.0.2-cp39-cp39-manylinux_2_17_aarch64.manylinux2014_aarch64.whl", hash = "sha256:971ce5e14dc5e73715755d0ca2975ac88cfdaefcaab078a284fea6cfabf866df"},
    {file = "greenlet-2.0.2-cp39-cp39-manylinux_2_17_ppc64le.manylinux2014_ppc64le.whl", hash = "sha256:be4ed120b52ae4d974aa40215fcdfde9194d63541c7ded40ee12eb4dda57b76b"},
    {file = "greenlet-2.0.2-cp39-cp39-manylinux_2_17_x86_64.manylinux2014_x86_64.whl", hash = "sha256:94c817e84245513926588caf1152e3b559ff794d505555211ca041f032abbb6b"},
    {file = "greenlet-2.0.2-cp39-cp39-musllinux_1_1_aarch64.whl", hash = "sha256:1a819eef4b0e0b96bb0d98d797bef17dc1b4a10e8d7446be32d1da33e095dbb8"},
    {file = "greenlet-2.0.2-cp39-cp39-musllinux_1_1_x86_64.whl", hash = "sha256:7efde645ca1cc441d6dc4b48c0f7101e8d86b54c8530141b09fd31cef5149ec9"},
    {file = "greenlet-2.0.2-cp39-cp39-win32.whl", hash = "sha256:ea9872c80c132f4663822dd2a08d404073a5a9b5ba6155bea72fb2a79d1093b5"},
    {file = "greenlet-2.0.2-cp39-cp39-win_amd64.whl", hash = "sha256:db1a39669102a1d8d12b57de2bb7e2ec9066a6f2b3da35ae511ff93b01b5d564"},
    {file = "greenlet-2.0.2.tar.gz", hash = "sha256:e7c8dc13af7db097bed64a051d2dd49e9f0af495c26995c00a9ee842690d34c0"},
]

[package.extras]
docs = ["Sphinx", "docutils (<0.18)"]
test = ["objgraph", "psutil"]

[[package]]
name = "iniconfig"
version = "2.0.0"
description = "brain-dead simple config-ini parsing"
category = "dev"
optional = false
python-versions = ">=3.7"
files = [
    {file = "iniconfig-2.0.0-py3-none-any.whl", hash = "sha256:b6a85871a79d2e3b22d2d1b94ac2824226a63c6b741c88f7ae975f18b6778374"},
    {file = "iniconfig-2.0.0.tar.gz", hash = "sha256:2d91e135bf72d31a410b17c16da610a82cb55f6b0477d1a902134b24a455b8b3"},
]

[[package]]
name = "loguru"
version = "0.7.0"
description = "Python logging made (stupidly) simple"
category = "dev"
optional = false
python-versions = ">=3.5"
files = [
    {file = "loguru-0.7.0-py3-none-any.whl", hash = "sha256:b93aa30099fa6860d4727f1b81f8718e965bb96253fa190fab2077aaad6d15d3"},
    {file = "loguru-0.7.0.tar.gz", hash = "sha256:1612053ced6ae84d7959dd7d5e431a0532642237ec21f7fd83ac73fe539e03e1"},
]

[package.dependencies]
colorama = {version = ">=0.3.4", markers = "sys_platform == \"win32\""}
win32-setctime = {version = ">=1.0.0", markers = "sys_platform == \"win32\""}

[package.extras]
dev = ["Sphinx (==5.3.0)", "colorama (==0.4.5)", "colorama (==0.4.6)", "freezegun (==1.1.0)", "freezegun (==1.2.2)", "mypy (==v0.910)", "mypy (==v0.971)", "mypy (==v0.990)", "pre-commit (==3.2.1)", "pytest (==6.1.2)", "pytest (==7.2.1)", "pytest-cov (==2.12.1)", "pytest-cov (==4.0.0)", "pytest-mypy-plugins (==1.10.1)", "pytest-mypy-plugins (==1.9.3)", "sphinx-autobuild (==2021.3.14)", "sphinx-rtd-theme (==1.2.0)", "tox (==3.27.1)", "tox (==4.4.6)"]

[[package]]
name = "packaging"
version = "23.0"
description = "Core utilities for Python packages"
category = "dev"
optional = false
python-versions = ">=3.7"
files = [
    {file = "packaging-23.0-py3-none-any.whl", hash = "sha256:714ac14496c3e68c99c29b00845f7a2b85f3bb6f1078fd9f72fd20f0570002b2"},
    {file = "packaging-23.0.tar.gz", hash = "sha256:b6ad297f8907de0fa2fe1ccbd26fdaf387f5f47c7275fedf8cce89f99446cf97"},
]

[[package]]
name = "pastel"
version = "0.2.1"
description = "Bring colors to your terminal."
category = "dev"
optional = false
python-versions = ">=2.7, !=3.0.*, !=3.1.*, !=3.2.*, !=3.3.*"
files = [
    {file = "pastel-0.2.1-py2.py3-none-any.whl", hash = "sha256:4349225fcdf6c2bb34d483e523475de5bb04a5c10ef711263452cb37d7dd4364"},
    {file = "pastel-0.2.1.tar.gz", hash = "sha256:e6581ac04e973cac858828c6202c1e1e81fee1dc7de7683f3e1ffe0bfd8a573d"},
]

[[package]]
name = "pluggy"
version = "1.0.0"
description = "plugin and hook calling mechanisms for python"
category = "dev"
optional = false
python-versions = ">=3.6"
files = [
    {file = "pluggy-1.0.0-py2.py3-none-any.whl", hash = "sha256:74134bbf457f031a36d68416e1509f34bd5ccc019f0bcc952c7b909d06b37bd3"},
    {file = "pluggy-1.0.0.tar.gz", hash = "sha256:4224373bacce55f955a878bf9cfa763c1e360858e330072059e10bad68531159"},
]

[package.extras]
dev = ["pre-commit", "tox"]
testing = ["pytest", "pytest-benchmark"]

[[package]]
name = "poethepoet"
version = "0.18.1"
description = "A task runner that works well with poetry."
category = "dev"
optional = false
python-versions = ">=3.7"
files = [
    {file = "poethepoet-0.18.1-py3-none-any.whl", hash = "sha256:e85727bf6f4a10bf6c1a43026bdeb40df689bea3c4682d03cbe531cabc8f2ba6"},
    {file = "poethepoet-0.18.1.tar.gz", hash = "sha256:5f3566b14c2f5dccdfbc3bb26f0096006b38dc0b9c74bd4f8dd1eba7b0e29f6a"},
]

[package.dependencies]
pastel = ">=0.2.1,<0.3.0"
tomli = ">=1.2.2"

[package.extras]
poetry-plugin = ["poetry (>=1.0,<2.0)"]

[[package]]
name = "pygame"
version = "2.2.0"
description = "Python Game Development"
category = "main"
optional = false
python-versions = ">=3.6"
files = [
    {file = "pygame-2.2.0-cp310-cp310-macosx_10_9_x86_64.whl", hash = "sha256:ab87bbafc712bf64fb4e22c9a8a90e974855a09563f58e3f38c79373bb473c85"},
    {file = "pygame-2.2.0-cp310-cp310-macosx_11_0_arm64.whl", hash = "sha256:f8b2f9dd8aa2761372df0c733e1f226d6efd09e044de64c31e84130cfb092934"},
    {file = "pygame-2.2.0-cp310-cp310-manylinux_2_12_i686.manylinux2010_i686.whl", hash = "sha256:1bdeb4961bf4a2678954ef918f881751ec1e82f2734e3ac0fb1cd7fddbcc8c0a"},
    {file = "pygame-2.2.0-cp310-cp310-manylinux_2_12_x86_64.manylinux2010_x86_64.whl", hash = "sha256:dac9e207794c1467281573860b6bd5db203c46b43d105320eaf9ac18fc4031d0"},
    {file = "pygame-2.2.0-cp310-cp310-manylinux_2_17_aarch64.manylinux2014_aarch64.whl", hash = "sha256:73277d5b1b9c4cacb29f8fab4b7aef4fdcb32c5dbbf085672dda01cfea120504"},
    {file = "pygame-2.2.0-cp310-cp310-manylinux_2_17_i686.manylinux2014_i686.whl", hash = "sha256:b523d00bbeff8ef9418b95c78d032f78e7e4ca83487a20ec0f84d2cd2afe8366"},
    {file = "pygame-2.2.0-cp310-cp310-manylinux_2_17_x86_64.manylinux2014_x86_64.whl", hash = "sha256:381fa033fa8f1d130ec32975d5407f386372d32f2b40015d57277a277db9f723"},
    {file = "pygame-2.2.0-cp310-cp310-win32.whl", hash = "sha256:2810bbbd22016299f5d16ddcf0b446ca264cc507e6ce131c4d12c3425734eeaa"},
    {file = "pygame-2.2.0-cp310-cp310-win_amd64.whl", hash = "sha256:e17de19d7137fb169c9302e12894b8e8cbc4a3dab85b8f86fcd1c83a93849c3b"},
    {file = "pygame-2.2.0-cp311-cp311-macosx_10_9_x86_64.whl", hash = "sha256:e75766f2a1d0c5ef34c253dbe08f188ca3d211c7e6e1c4bf4fd128115c9c0299"},
    {file = "pygame-2.2.0-cp311-cp311-macosx_11_0_arm64.whl", hash = "sha256:6cfb45e881d412df333dbcba39e71d0e3155eb52affd900bac0770c56f870435"},
    {file = "pygame-2.2.0-cp311-cp311-manylinux_2_17_aarch64.manylinux2014_aarch64.whl", hash = "sha256:79f416f860507f3a4946d8811dd002367f50f2cc307ff100d323388cd68dd227"},
    {file = "pygame-2.2.0-cp311-cp311-manylinux_2_17_i686.manylinux2014_i686.whl", hash = "sha256:6015baba3be040f3f982e8f5396ea36352f0ea5570dd6c2f0b1c9c0d16d1a448"},
    {file = "pygame-2.2.0-cp311-cp311-manylinux_2_17_x86_64.manylinux2014_x86_64.whl", hash = "sha256:e65d8b29cf038f758b6617481994fe8b917e21b86756c153dad6a2d62e1ca050"},
    {file = "pygame-2.2.0-cp311-cp311-win32.whl", hash = "sha256:ef866888f9a6d1ca5822f5caaba89f93a85beba15186ee66766eec67fe908256"},
    {file = "pygame-2.2.0-cp311-cp311-win_amd64.whl", hash = "sha256:e344d07ef341e49315c204a370abba8a0b02fa7efea1b528696b22b3f30a60aa"},
    {file = "pygame-2.2.0-cp36-cp36m-macosx_10_9_x86_64.whl", hash = "sha256:2d6142a784bbef3f1680ece65b7cc4acc2e5c1433c1ff4f7f9ca6c30a38bb7df"},
    {file = "pygame-2.2.0-cp36-cp36m-manylinux_2_12_i686.manylinux2010_i686.whl", hash = "sha256:649fb006abbaf74005e931e855a9fb1583e7f2c52393a0d1038335f756d2d33a"},
    {file = "pygame-2.2.0-cp36-cp36m-manylinux_2_12_x86_64.manylinux2010_x86_64.whl", hash = "sha256:677e57472ab13508847c69385e6b998152684f92a733babf345129595e4b781d"},
    {file = "pygame-2.2.0-cp36-cp36m-manylinux_2_17_aarch64.manylinux2014_aarch64.whl", hash = "sha256:43049d7e04e3f8101d14c1bc71a1d117e4092283e45f2488cfc1733f44722152"},
    {file = "pygame-2.2.0-cp36-cp36m-manylinux_2_17_i686.manylinux2014_i686.whl", hash = "sha256:7f6d16040c1676b29757f308819fbf69b0994f4e140f1782b26de6988b50736f"},
    {file = "pygame-2.2.0-cp36-cp36m-manylinux_2_17_x86_64.manylinux2014_x86_64.whl", hash = "sha256:20e85152b2b89259b44eb8f563e86a9e2f27f663f243edb7f764f1b355ee86b3"},
    {file = "pygame-2.2.0-cp36-cp36m-manylinux_2_5_i686.manylinux1_i686.whl", hash = "sha256:fdb87b944d861e0fc1f2f872eb2ebc75e8a6aca892937df3f7242f27ff45e2a4"},
    {file = "pygame-2.2.0-cp36-cp36m-manylinux_2_5_x86_64.manylinux1_x86_64.whl", hash = "sha256:b1129745eef343488c69b5e311a86e13f1e497077d562058e07773cc8813fab1"},
    {file = "pygame-2.2.0-cp36-cp36m-win32.whl", hash = "sha256:8feaaa82cb33243234d97892c5b2dd18a172071a6bb4ad3fe0d64880e5353e69"},
    {file = "pygame-2.2.0-cp36-cp36m-win_amd64.whl", hash = "sha256:af5355f4a7b317e994ec100b5608bfd7da8261a221a66a6964f94c59ff269afd"},
    {file = "pygame-2.2.0-cp37-cp37m-macosx_10_9_x86_64.whl", hash = "sha256:f5c40802e7e0947ad8527ce347413d4355c0cecdb1bae0696a1cf74ad5c5f84d"},
    {file = "pygame-2.2.0-cp37-cp37m-manylinux_2_12_i686.manylinux2010_i686.whl", hash = "sha256:d66247f1a989fc02737bbda4e25a5aa06ede4dcde8122ca295a1ec3fd09364c8"},
    {file = "pygame-2.2.0-cp37-cp37m-manylinux_2_12_x86_64.manylinux2010_x86_64.whl", hash = "sha256:0f9b905d3c9a1908f2c6ba313ac864c52865688f0b9484b9519aa53195ec89c3"},
    {file = "pygame-2.2.0-cp37-cp37m-manylinux_2_17_aarch64.manylinux2014_aarch64.whl", hash = "sha256:6de9b5023d5e3767a7f0634f9e692b6d13a947a66a6d9590bff124ce14c8f499"},
    {file = "pygame-2.2.0-cp37-cp37m-manylinux_2_17_i686.manylinux2014_i686.whl", hash = "sha256:257e9714552546a43aab94f224edccb5f22458532a702b81fdf513c54b5fa6da"},
    {file = "pygame-2.2.0-cp37-cp37m-manylinux_2_17_x86_64.manylinux2014_x86_64.whl", hash = "sha256:fbbb0ed0152d31de7a00faf7053b5b0f0813679e2b8e5db804aea0a79b20d278"},
    {file = "pygame-2.2.0-cp37-cp37m-manylinux_2_5_i686.manylinux1_i686.whl", hash = "sha256:618244dc03f00df8dcce764c22091791b664acd655cbb8f0c235db15ea5a36c9"},
    {file = "pygame-2.2.0-cp37-cp37m-manylinux_2_5_x86_64.manylinux1_x86_64.whl", hash = "sha256:6057e08a42bc113cc4adf309436a04b993beb11e29db4ae8a516fdbf53874b59"},
    {file = "pygame-2.2.0-cp37-cp37m-win32.whl", hash = "sha256:90219b8000d07993b1c69677c0be6e3d8e1f103051b7e37b99aabe4a7f540832"},
    {file = "pygame-2.2.0-cp37-cp37m-win_amd64.whl", hash = "sha256:2bf544fd0f07af4290c91159789957508df19df4f728a42661531dc46c3d9b80"},
    {file = "pygame-2.2.0-cp38-cp38-macosx_10_9_x86_64.whl", hash = "sha256:22bb55a57d6faeaa82e9efcfa3c09a5bc909b4c0fea8d103e27cebdd00c9b992"},
    {file = "pygame-2.2.0-cp38-cp38-macosx_11_0_arm64.whl", hash = "sha256:723c297f702af48afdbacb0165b0ada9c1d2eb8ec77e45e2561536fbd56738f0"},
    {file = "pygame-2.2.0-cp38-cp38-manylinux_2_12_i686.manylinux2010_i686.whl", hash = "sha256:6f216af455ad3c1ef537e3bdd85f40dfc73ccb079328216ee98be6c30f9ac91f"},
    {file = "pygame-2.2.0-cp38-cp38-manylinux_2_12_x86_64.manylinux2010_x86_64.whl", hash = "sha256:720f03e06d779174c2a867fa65ad58807cd12e48052d38a4398c96ff7d4ae940"},
    {file = "pygame-2.2.0-cp38-cp38-manylinux_2_17_aarch64.manylinux2014_aarch64.whl", hash = "sha256:6ab8b06dd4b75a7cfc5aa652625bebeb99fcf190221019bcfd28daf3fa221f78"},
    {file = "pygame-2.2.0-cp38-cp38-manylinux_2_17_i686.manylinux2014_i686.whl", hash = "sha256:cd05cf88bd12d41e5002809fee097dc592dd24697bcd110a33505a6c2c28dd4a"},
    {file = "pygame-2.2.0-cp38-cp38-manylinux_2_17_x86_64.manylinux2014_x86_64.whl", hash = "sha256:c3dd5b5d3b765810180ee10e0c1b2101fff28b98f756ff2331463c9947df0120"},
    {file = "pygame-2.2.0-cp38-cp38-manylinux_2_5_i686.manylinux1_i686.whl", hash = "sha256:9ed7d65ea3db3978506aeffdd36776884a832d1c3542c1ff582a0bc31916010a"},
    {file = "pygame-2.2.0-cp38-cp38-manylinux_2_5_x86_64.manylinux1_x86_64.whl", hash = "sha256:d177cbea4ea913c49c5225049c488ea82d30c3004862de7d50611ad3144d28ad"},
    {file = "pygame-2.2.0-cp38-cp38-win32.whl", hash = "sha256:c2a12c6cf41058c947fbbb08edcc777cb6631636385b6bbc38783bb759930b39"},
    {file = "pygame-2.2.0-cp38-cp38-win_amd64.whl", hash = "sha256:012a233fce1367d8813070e394246050320ed0897e89e008f05c185572a6c523"},
    {file = "pygame-2.2.0-cp39-cp39-macosx_10_9_x86_64.whl", hash = "sha256:5a3f188cda812a370bd276163b860db431045fe44d8874c12cd459c2e6e65cb9"},
    {file = "pygame-2.2.0-cp39-cp39-macosx_11_0_arm64.whl", hash = "sha256:d24e6ef51adf6a1f7ca625a2085714094b8627624503005bb660bf077c6d51b5"},
    {file = "pygame-2.2.0-cp39-cp39-manylinux_2_12_i686.manylinux2010_i686.whl", hash = "sha256:792fc1be24d159b62337bb850300a899a9be1d67ad4b5a32cdc794e4749a116d"},
    {file = "pygame-2.2.0-cp39-cp39-manylinux_2_12_x86_64.manylinux2010_x86_64.whl", hash = "sha256:2b81e22402a3908273ddc67a09e7880f44c28f7499a9ecd5a5b5c14490415c05"},
    {file = "pygame-2.2.0-cp39-cp39-manylinux_2_17_aarch64.manylinux2014_aarch64.whl", hash = "sha256:8aa8e7fe0fc70b4480f77794b2ee8b5aaabc1f34051d019d65b0e512dfb36678"},
    {file = "pygame-2.2.0-cp39-cp39-manylinux_2_17_i686.manylinux2014_i686.whl", hash = "sha256:6bf82b0aa3534ca0b8312cbd0e94e3acff153cdbe5b5407eb123bbac14d96f4f"},
    {file = "pygame-2.2.0-cp39-cp39-manylinux_2_17_x86_64.manylinux2014_x86_64.whl", hash = "sha256:a40687b476ffdb68a40204b05b09df37e2e8df1117e3037c43ae5d690c27c58e"},
    {file = "pygame-2.2.0-cp39-cp39-manylinux_2_5_i686.manylinux1_i686.whl", hash = "sha256:2fc1072d13cdd2e8d08fe959e1134343679e2757eaff3656c69b7d18e70d488e"},
    {file = "pygame-2.2.0-cp39-cp39-manylinux_2_5_x86_64.manylinux1_x86_64.whl", hash = "sha256:8927dec320dd2b6bd8e29d841201534a487bf5332b1b76bacd8b2bfd40d18458"},
    {file = "pygame-2.2.0-cp39-cp39-win32.whl", hash = "sha256:862c04467156901c37f7acdab96a0becc57e129287f852003705dd02be7be24a"},
    {file = "pygame-2.2.0-cp39-cp39-win_amd64.whl", hash = "sha256:1812138bb9cfe61e7e9821250d418b66263dd6dbd11757bdc2b7c17d00806e5f"},
    {file = "pygame-2.2.0-pp36-pypy36_pp73-win32.whl", hash = "sha256:d5d2fccfc109d0f483b1d801650121ca9f8f51260d61fb64c15412455504612c"},
    {file = "pygame-2.2.0-pp37-pypy37_pp73-manylinux_2_17_i686.manylinux2014_i686.whl", hash = "sha256:dc59ccd474948522f2c6cb1a72962b826659eb52e4bb031e5575e8986d43c8dc"},
    {file = "pygame-2.2.0-pp37-pypy37_pp73-manylinux_2_17_x86_64.manylinux2014_x86_64.whl", hash = "sha256:ae66ce9165ab20c0b484eb660dd8fedbc44f0101d62cb7d780a5bcb7ee72ba2c"},
    {file = "pygame-2.2.0-pp38-pypy38_pp73-macosx_10_9_x86_64.whl", hash = "sha256:da064b730c8be76a1b320771a605819f4e364fbcede6555d2905c84970b4e36c"},
    {file = "pygame-2.2.0-pp38-pypy38_pp73-manylinux_2_17_i686.manylinux2014_i686.whl", hash = "sha256:7fcd187835276b99136fbea94f158aaff2cd92352913f01a47ee909917126485"},
    {file = "pygame-2.2.0-pp38-pypy38_pp73-manylinux_2_17_x86_64.manylinux2014_x86_64.whl", hash = "sha256:4c0c98ae429bd275c098019ec917a1f8ecde03667c69db02dbd909327df67ebe"},
    {file = "pygame-2.2.0-pp39-pypy39_pp73-macosx_10_9_x86_64.whl", hash = "sha256:a274b99012ac340e308c21e838b49c0f2dc1f10ea28436a4994712a3b028d79e"},
    {file = "pygame-2.2.0-pp39-pypy39_pp73-manylinux_2_17_i686.manylinux2014_i686.whl", hash = "sha256:90093d731823caf864cfb8f4b88ed31604f164a46ea49c5f5551c4dc4b665fbb"},
    {file = "pygame-2.2.0-pp39-pypy39_pp73-manylinux_2_17_x86_64.manylinux2014_x86_64.whl", hash = "sha256:20b0015f7d86b765611141460496ba9669b13dcd956f6d05685e23fe70a7559a"},
    {file = "pygame-2.2.0.tar.gz", hash = "sha256:c64d06a97dd7fcdb8433c1c846757e9d253a36e49e579daeab090caeb6b2ef31"},
]

[[package]]
name = "pymysql"
version = "1.0.3"
description = "Pure Python MySQL Driver"
category = "main"
optional = false
python-versions = ">=3.7"
files = [
    {file = "PyMySQL-1.0.3-py3-none-any.whl", hash = "sha256:89fc6ae41c0aeb6e1f7710cdd623702ea2c54d040565767a78b00a5ebb12f4e5"},
    {file = "PyMySQL-1.0.3.tar.gz", hash = "sha256:3dda943ef3694068a75d69d071755dbecacee1adf9a1fc5b206830d2b67d25e8"},
]

[package.extras]
ed25519 = ["PyNaCl (>=1.4.0)"]
rsa = ["cryptography"]

[[package]]
name = "pytest"
version = "7.2.2"
description = "pytest: simple powerful testing with Python"
category = "dev"
optional = false
python-versions = ">=3.7"
files = [
    {file = "pytest-7.2.2-py3-none-any.whl", hash = "sha256:130328f552dcfac0b1cec75c12e3f005619dc5f874f0a06e8ff7263f0ee6225e"},
    {file = "pytest-7.2.2.tar.gz", hash = "sha256:c99ab0c73aceb050f68929bc93af19ab6db0558791c6a0715723abe9d0ade9d4"},
]

[package.dependencies]
attrs = ">=19.2.0"
colorama = {version = "*", markers = "sys_platform == \"win32\""}
exceptiongroup = {version = ">=1.0.0rc8", markers = "python_version < \"3.11\""}
iniconfig = "*"
packaging = "*"
pluggy = ">=0.12,<2.0"
tomli = {version = ">=1.0.0", markers = "python_version < \"3.11\""}

[package.extras]
testing = ["argcomplete", "hypothesis (>=3.56)", "mock", "nose", "pygments (>=2.7.2)", "requests", "xmlschema"]

[[package]]
name = "python-dotenv"
version = "1.0.0"
description = "Read key-value pairs from a .env file and set them as environment variables"
category = "main"
optional = false
python-versions = ">=3.8"
files = [
    {file = "python-dotenv-1.0.0.tar.gz", hash = "sha256:a8df96034aae6d2d50a4ebe8216326c61c3eb64836776504fcca410e5937a3ba"},
    {file = "python_dotenv-1.0.0-py3-none-any.whl", hash = "sha256:f5971a9226b701070a4bf2c38c89e5a3f0d64de8debda981d1db98583009122a"},
]

[package.extras]
cli = ["click (>=5.0)"]

[[package]]
name = "reloadium"
version = "1.0.0"
description = "Hot reloader aka edit and continue for Python"
category = "dev"
optional = false
python-versions = ">=3.7.0,<4.0"
files = [
    {file = "reloadium-1.0.0-cp310-cp310-macosx_10_15_x86_64.whl", hash = "sha256:808d2fd9be8c86d7d60efa16bcc804d16c29b06ca295d4e9f7970282e4b5644d"},
    {file = "reloadium-1.0.0-cp310-cp310-macosx_12_0_arm64.whl", hash = "sha256:d253125d583c0ba5c129d471dd9438f843c02689a03c326cc064f5713c389fc0"},
    {file = "reloadium-1.0.0-cp310-cp310-manylinux_2_17_x86_64.manylinux2014_x86_64.whl", hash = "sha256:869ce4f30b8c950d2b02595da02c1d461e94cc6dcadb8613fd44f012c05cdebe"},
    {file = "reloadium-1.0.0-cp310-cp310-win_amd64.whl", hash = "sha256:50835ca0586c55b7a284311aa4b50db9dc9c5bc82252f4d94f8127d077eb8c1e"},
    {file = "reloadium-1.0.0-cp37-cp37m-macosx_10_9_x86_64.whl", hash = "sha256:1fa16afee12fc03ea7eac1595a1503b4259d73ec82d7c81a4f98b70a5c1cc019"},
    {file = "reloadium-1.0.0-cp37-cp37m-manylinux_2_17_x86_64.manylinux2014_x86_64.whl", hash = "sha256:8973e2d1d97a076a086acecbd3f8c41030cd3d2d3f6b4572f3327b03315be795"},
    {file = "reloadium-1.0.0-cp37-cp37m-win_amd64.whl", hash = "sha256:0851135fc8544fd6550a3d88af9509c5a7d2ebb4bb8277ca9a62d54eb2e56b5d"},
    {file = "reloadium-1.0.0-cp38-cp38-macosx_10_9_x86_64.whl", hash = "sha256:94548d5512e580a306609d087a1241ef0032a2e0546cd93d089018aa15266455"},
    {file = "reloadium-1.0.0-cp38-cp38-manylinux_2_17_x86_64.manylinux2014_x86_64.whl", hash = "sha256:9c4e9f23035f20cfc22d768e79c0751aa1eafe0e8be813447b500c024088340b"},
    {file = "reloadium-1.0.0-cp38-cp38-win_amd64.whl", hash = "sha256:03a3f22c01da6b6da095b9fc8ff738c09a0a72ae1c59889c76002e08c08013fb"},
    {file = "reloadium-1.0.0-cp39-cp39-macosx_10_9_x86_64.whl", hash = "sha256:1ae6212af5caca45e501baedfb426aba3ecd71daede1acd41aa11c934f6a9e1e"},
    {file = "reloadium-1.0.0-cp39-cp39-macosx_12_0_arm64.whl", hash = "sha256:762a9a0af4989d6c6e056a12b9aab49ea16d78f181f2308ae48779146a5d6aad"},
    {file = "reloadium-1.0.0-cp39-cp39-manylinux_2_17_x86_64.manylinux2014_x86_64.whl", hash = "sha256:c0e0fb13df962909463151aa08dc0138ac357ff3bc53e03fe427537d562ecc8d"},
    {file = "reloadium-1.0.0-cp39-cp39-win_amd64.whl", hash = "sha256:7802b2c4aaa63d1c286e9fce42903de2ddb5f52377173538c1bbcfb7bab37e5f"},
    {file = "reloadium-1.0.0-py3-none-any.whl", hash = "sha256:295aed76f45a9bc6bb4204fc701a51755d528516b5ce82d052ad4a22c5ce8ac9"},
]

[[package]]
name = "setuptools"
version = "67.6.0"
description = "Easily download, build, install, upgrade, and uninstall Python packages"
category = "main"
optional = false
python-versions = ">=3.7"
files = [
    {file = "setuptools-67.6.0-py3-none-any.whl", hash = "sha256:b78aaa36f6b90a074c1fa651168723acbf45d14cb1196b6f02c0fd07f17623b2"},
    {file = "setuptools-67.6.0.tar.gz", hash = "sha256:2ee892cd5f29f3373097f5a814697e397cf3ce313616df0af11231e2ad118077"},
]

[package.extras]
docs = ["furo", "jaraco.packaging (>=9)", "jaraco.tidelift (>=1.4)", "pygments-github-lexers (==0.0.5)", "rst.linker (>=1.9)", "sphinx (>=3.5)", "sphinx-favicon", "sphinx-hoverxref (<2)", "sphinx-inline-tabs", "sphinx-lint", "sphinx-notfound-page (==0.8.3)", "sphinx-reredirects", "sphinxcontrib-towncrier"]
testing = ["build[virtualenv]", "filelock (>=3.4.0)", "flake8 (<5)", "flake8-2020", "ini2toml[lite] (>=0.9)", "jaraco.envs (>=2.2)", "jaraco.path (>=3.2.0)", "pip (>=19.1)", "pip-run (>=8.8)", "pytest (>=6)", "pytest-black (>=0.3.7)", "pytest-checkdocs (>=2.4)", "pytest-cov", "pytest-enabler (>=1.3)", "pytest-flake8", "pytest-mypy (>=0.9.1)", "pytest-perf", "pytest-timeout", "pytest-xdist", "tomli-w (>=1.0.0)", "virtualenv (>=13.0.0)", "wheel"]
testing-integration = ["build[virtualenv]", "filelock (>=3.4.0)", "jaraco.envs (>=2.2)", "jaraco.path (>=3.2.0)", "pytest", "pytest-enabler", "pytest-xdist", "tomli", "virtualenv (>=13.0.0)", "wheel"]

[[package]]
name = "sqlalchemy"
version = "2.0.5.post1"
description = "Database Abstraction Library"
category = "main"
optional = false
python-versions = ">=3.7"
files = [
    {file = "SQLAlchemy-2.0.5.post1-cp310-cp310-macosx_10_9_x86_64.whl", hash = "sha256:7fe933831e17f93947b4e3db4e4a7470dae24340f269baf06cdfcc0538c8d1cb"},
    {file = "SQLAlchemy-2.0.5.post1-cp310-cp310-macosx_11_0_arm64.whl", hash = "sha256:5c00d2b3607f9ae5c0827ebb2d01020c26cfce4064aa664db21d1fd6a47f8f60"},
    {file = "SQLAlchemy-2.0.5.post1-cp310-cp310-manylinux_2_17_aarch64.manylinux2014_aarch64.whl", hash = "sha256:c12f0455f30d637644f4d6df2bda1475c61398483edb58d55c670be31a31d549"},
    {file = "SQLAlchemy-2.0.5.post1-cp310-cp310-manylinux_2_17_x86_64.manylinux2014_x86_64.whl", hash = "sha256:a7e55659740e768a1bf1257275b565137a3d28839789c85193dd6a1e642b3cc9"},
    {file = "SQLAlchemy-2.0.5.post1-cp310-cp310-musllinux_1_1_aarch64.whl", hash = "sha256:15c92107437770087ad4fece6ed9553ab97474f3b92d15eb62cea9686228f252"},
    {file = "SQLAlchemy-2.0.5.post1-cp310-cp310-musllinux_1_1_x86_64.whl", hash = "sha256:50b15fce441b8eb13bfd06df1088aa52c9a3d72d4894e3456040857d48a622da"},
    {file = "SQLAlchemy-2.0.5.post1-cp310-cp310-win32.whl", hash = "sha256:ffda70373ddfe8ec733d518e4e41eb5599480d48e8496c44bb0cac0e37b281c0"},
    {file = "SQLAlchemy-2.0.5.post1-cp310-cp310-win_amd64.whl", hash = "sha256:e40c39cfcbe416a7722a226ecd98fad0e08f8ae33e8f94b0858afe094583bfbc"},
    {file = "SQLAlchemy-2.0.5.post1-cp311-cp311-macosx_10_9_x86_64.whl", hash = "sha256:22f60d214899b573edc8aeb9ba84f7e832505511ce68974636e6da4a27c957a3"},
    {file = "SQLAlchemy-2.0.5.post1-cp311-cp311-macosx_11_0_arm64.whl", hash = "sha256:4756878d0ceb6e0e9c6cfcfaa9df81adbfcca8cc4b9ec37934918008c0f20507"},
    {file = "SQLAlchemy-2.0.5.post1-cp311-cp311-manylinux_2_17_aarch64.manylinux2014_aarch64.whl", hash = "sha256:6df48bb7af217fd086617aae1f9606ff91cfab9a29c3e77dd80e4bab8aaf29fc"},
    {file = "SQLAlchemy-2.0.5.post1-cp311-cp311-manylinux_2_17_x86_64.manylinux2014_x86_64.whl", hash = "sha256:1012c0440108c360b94f43667525365c43516e8c7f1f7de8dfb73471181055df"},
    {file = "SQLAlchemy-2.0.5.post1-cp311-cp311-musllinux_1_1_aarch64.whl", hash = "sha256:2bffc27ec0386ef4af7c8923f0f809f88671859b907c9e11f000c39b97195e99"},
    {file = "SQLAlchemy-2.0.5.post1-cp311-cp311-musllinux_1_1_x86_64.whl", hash = "sha256:8e7d5766fb99743eb70126daaff45f43bee3f4b79ba6047a0749912e8538f0ff"},
    {file = "SQLAlchemy-2.0.5.post1-cp311-cp311-win32.whl", hash = "sha256:c2c41bf05b4cf4ffead35896affa3b457c17755d0fd83b1ba72f7f55abb3a3f1"},
    {file = "SQLAlchemy-2.0.5.post1-cp311-cp311-win_amd64.whl", hash = "sha256:56d38c3638965df5257ac4648ba2887aaf1e3409397192dd85ddfe7b96dc7680"},
    {file = "SQLAlchemy-2.0.5.post1-cp37-cp37m-macosx_10_9_x86_64.whl", hash = "sha256:68c4c5ab13997fa7af37d5780da11ddc184d4e88fb2d8a26525044c233f03bc7"},
    {file = "SQLAlchemy-2.0.5.post1-cp37-cp37m-manylinux_2_17_aarch64.manylinux2014_aarch64.whl", hash = "sha256:869ca02661f6d4cece5823997a364dfa97601de11151fca3ebc3429eb9ffa2e0"},
    {file = "SQLAlchemy-2.0.5.post1-cp37-cp37m-manylinux_2_17_x86_64.manylinux2014_x86_64.whl", hash = "sha256:d6cb241c5c1af422c0fa742bd09a8eaf158da1433617ded1ffcbb56de6ff8047"},
    {file = "SQLAlchemy-2.0.5.post1-cp37-cp37m-musllinux_1_1_aarch64.whl", hash = "sha256:9bb63e22ddf01cbbb290e61f31471480d2e40283e558cdd924b94dc4fc2e186b"},
    {file = "SQLAlchemy-2.0.5.post1-cp37-cp37m-musllinux_1_1_x86_64.whl", hash = "sha256:2c3869a7bdd5bb76fb50976abe339e30cce8e9f7c778a50811d310ec82cdf51a"},
    {file = "SQLAlchemy-2.0.5.post1-cp37-cp37m-win32.whl", hash = "sha256:1edb6621782f9a3e80750ba1859580b778a424242d4e6b9bcd46fa6beca75c12"},
    {file = "SQLAlchemy-2.0.5.post1-cp37-cp37m-win_amd64.whl", hash = "sha256:3c4e673da09af37b7a5c13b947fdb387c3800d43dcd86c1d553e3c70369e4749"},
    {file = "SQLAlchemy-2.0.5.post1-cp38-cp38-macosx_10_9_x86_64.whl", hash = "sha256:ac12d8bef707d02ef179f0586c848db2954668dca2b72c69df950e08dc8cddb4"},
    {file = "SQLAlchemy-2.0.5.post1-cp38-cp38-macosx_11_0_arm64.whl", hash = "sha256:e13cea675937125417953fd011138f13cf979051567f48074fffb3bb0b64b917"},
    {file = "SQLAlchemy-2.0.5.post1-cp38-cp38-manylinux_2_17_aarch64.manylinux2014_aarch64.whl", hash = "sha256:744b01fcdfef66b7373262bf75d714a4339f85c05b74b1732749f25ed65f33f6"},
    {file = "SQLAlchemy-2.0.5.post1-cp38-cp38-manylinux_2_17_x86_64.manylinux2014_x86_64.whl", hash = "sha256:03cd5709839fc376538f102c58f632d48bd0b92715bd290c3b2c066e0dd0f214"},
    {file = "SQLAlchemy-2.0.5.post1-cp38-cp38-musllinux_1_1_aarch64.whl", hash = "sha256:7fab3d4062472e1e6002bfcd53cc7446189941be083a5465760aa794092004ee"},
    {file = "SQLAlchemy-2.0.5.post1-cp38-cp38-musllinux_1_1_x86_64.whl", hash = "sha256:059ddd4ddbfb8f1c872d601b168273dfaab0eae458736c7c754187b9a8e92ad5"},
    {file = "SQLAlchemy-2.0.5.post1-cp38-cp38-win32.whl", hash = "sha256:9a4d9a7e9b344bf8ce2ed699baa8a43d9fbdad3aecff259f1d0daf6bb2e7e0c0"},
    {file = "SQLAlchemy-2.0.5.post1-cp38-cp38-win_amd64.whl", hash = "sha256:b52be78c5e86ade646c82a10b2be4b6ed8f623052b4405b26681880df1a15d5a"},
    {file = "SQLAlchemy-2.0.5.post1-cp39-cp39-macosx_10_9_x86_64.whl", hash = "sha256:7e33867e09820c98630f7faec535a8cc4116fd362787404b41883d373437290b"},
    {file = "SQLAlchemy-2.0.5.post1-cp39-cp39-macosx_11_0_arm64.whl", hash = "sha256:0433abeb650c72c872e31010bff8536907fb05f6fa29a9b880046570c03383ca"},
    {file = "SQLAlchemy-2.0.5.post1-cp39-cp39-manylinux_2_17_aarch64.manylinux2014_aarch64.whl", hash = "sha256:d81b2fa605939c437f8b0b8522ec2c19508f3036d6043cb70a15dd56760ab710"},
    {file = "SQLAlchemy-2.0.5.post1-cp39-cp39-manylinux_2_17_x86_64.manylinux2014_x86_64.whl", hash = "sha256:d811b97f58d99e5948752087903cb414fd77a60a5e09293be16c924219178c3b"},
    {file = "SQLAlchemy-2.0.5.post1-cp39-cp39-musllinux_1_1_aarch64.whl", hash = "sha256:adf597e756e27173be57f243cc17bea7af1ac74b35c0120aace2738f59c92a48"},
    {file = "SQLAlchemy-2.0.5.post1-cp39-cp39-musllinux_1_1_x86_64.whl", hash = "sha256:f53542654124d30a3c3ebff9f99e5749add75e4cf28895a2ca6cd1458039bd8f"},
    {file = "SQLAlchemy-2.0.5.post1-cp39-cp39-win32.whl", hash = "sha256:b21694c8543becc2bc4f05f8d07970860e6ad005024712b7195abb1f4e0daf47"},
    {file = "SQLAlchemy-2.0.5.post1-cp39-cp39-win_amd64.whl", hash = "sha256:72e8d65b20147df71297d863981d8e56e429a8ae2bb835bd5e89efd7ef849866"},
    {file = "SQLAlchemy-2.0.5.post1-py3-none-any.whl", hash = "sha256:621e92ace804e19da2e472e349736d7ba5e2e4a14d41c4de9e2474e5f40a11ed"},
    {file = "SQLAlchemy-2.0.5.post1.tar.gz", hash = "sha256:13eb2a5882cfd9f4eedaaec14a5603a096f0125f7c3cb48611b3bfa3c253f25d"},
]

[package.dependencies]
greenlet = {version = "!=0.4.17", markers = "platform_machine == \"aarch64\" or platform_machine == \"ppc64le\" or platform_machine == \"x86_64\" or platform_machine == \"amd64\" or platform_machine == \"AMD64\" or platform_machine == \"win32\" or platform_machine == \"WIN32\""}
typing-extensions = ">=4.2.0"

[package.extras]
aiomysql = ["aiomysql", "greenlet (!=0.4.17)"]
aiosqlite = ["aiosqlite", "greenlet (!=0.4.17)", "typing-extensions (!=3.10.0.1)"]
asyncio = ["greenlet (!=0.4.17)"]
asyncmy = ["asyncmy (>=0.2.3,!=0.2.4,!=0.2.6)", "greenlet (!=0.4.17)"]
mariadb-connector = ["mariadb (>=1.0.1,!=1.1.2,!=1.1.5)"]
mssql = ["pyodbc"]
mssql-pymssql = ["pymssql"]
mssql-pyodbc = ["pyodbc"]
mypy = ["mypy (>=0.910)"]
mysql = ["mysqlclient (>=1.4.0)"]
mysql-connector = ["mysql-connector-python"]
oracle = ["cx-oracle (>=7)"]
oracle-oracledb = ["oracledb (>=1.0.1)"]
postgresql = ["psycopg2 (>=2.7)"]
postgresql-asyncpg = ["asyncpg", "greenlet (!=0.4.17)"]
postgresql-pg8000 = ["pg8000 (>=1.29.1)"]
postgresql-psycopg = ["psycopg (>=3.0.7)"]
postgresql-psycopg2binary = ["psycopg2-binary"]
postgresql-psycopg2cffi = ["psycopg2cffi"]
pymysql = ["pymysql"]
sqlcipher = ["sqlcipher3-binary"]

[[package]]
name = "tomli"
version = "2.0.1"
description = "A lil' TOML parser"
category = "dev"
optional = false
python-versions = ">=3.7"
files = [
    {file = "tomli-2.0.1-py3-none-any.whl", hash = "sha256:939de3e7a6161af0c887ef91b7d41a53e7c5a1ca976325f429cb46ea9bc30ecc"},
    {file = "tomli-2.0.1.tar.gz", hash = "sha256:de526c12914f0c550d15924c62d72abc48d6fe7364aa87328337a31007fe8a4f"},
]

[[package]]
name = "typing-extensions"
version = "4.5.0"
description = "Backported and Experimental Type Hints for Python 3.7+"
category = "main"
optional = false
python-versions = ">=3.7"
files = [
    {file = "typing_extensions-4.5.0-py3-none-any.whl", hash = "sha256:fb33085c39dd998ac16d1431ebc293a8b3eedd00fd4a32de0ff79002c19511b4"},
    {file = "typing_extensions-4.5.0.tar.gz", hash = "sha256:5cb5f4a79139d699607b3ef622a1dedafa84e115ab0024e0d9c044a9479ca7cb"},
]

[[package]]
name = "win32-setctime"
version = "1.1.0"
description = "A small Python utility to set file creation time on Windows"
category = "dev"
optional = false
python-versions = ">=3.5"
files = [
    {file = "win32_setctime-1.1.0-py3-none-any.whl", hash = "sha256:231db239e959c2fe7eb1d7dc129f11172354f98361c4fa2d6d2d7e278baa8aad"},
    {file = "win32_setctime-1.1.0.tar.gz", hash = "sha256:15cf5750465118d6929ae4de4eb46e8edae9a5634350c01ba582df868e932cb2"},
]

[package.extras]
dev = ["black (>=19.3b0)", "pytest (>=4.6.2)"]

[metadata]
lock-version = "2.0"
python-versions = "^3.10"
content-hash = "1ec81783719ede5a7b661dd01e5a9add6d2282694a36d998150c92ba0f5523e5"
